// !$*UTF8*$!
{
	archiveVersion = 1;
	classes = {
	};
	objectVersion = 55;
	objects = {

/* Begin PBXBuildFile section */
		0CDD5C6D191386F9E9337121 /* Pods_Core.framework in Frameworks */ = {isa = PBXBuildFile; fileRef = 2C8B2BF1CDE9E49C0B08AA38 /* Pods_Core.framework */; };
		1CA3D39B28D3C847009D43E9 /* CoinsInteractor.swift in Sources */ = {isa = PBXBuildFile; fileRef = 1CA3D39A28D3C847009D43E9 /* CoinsInteractor.swift */; };
		1CA3D39D28D3C850009D43E9 /* CoinsInteractorProtocol.swift in Sources */ = {isa = PBXBuildFile; fileRef = 1CA3D39C28D3C850009D43E9 /* CoinsInteractorProtocol.swift */; };
		1CA3D39F28D3C8DE009D43E9 /* Interactor.swift in Sources */ = {isa = PBXBuildFile; fileRef = 1CA3D39E28D3C8DE009D43E9 /* Interactor.swift */; };
		1CA3D3A128D3CD80009D43E9 /* Coin.swift in Sources */ = {isa = PBXBuildFile; fileRef = 1CA3D3A028D3CD80009D43E9 /* Coin.swift */; };
		1CD695B128CFBF8C007AE077 /* Core.h in Headers */ = {isa = PBXBuildFile; fileRef = 1CD695B028CFBF8C007AE077 /* Core.h */; settings = {ATTRIBUTES = (Public, ); }; };
		1CD695CC28CFC2BD007AE077 /* CoreClass.swift in Sources */ = {isa = PBXBuildFile; fileRef = 1CD695CB28CFC2BD007AE077 /* CoreClass.swift */; };
/* End PBXBuildFile section */

/* Begin PBXFileReference section */
		1CA3D39A28D3C847009D43E9 /* CoinsInteractor.swift */ = {isa = PBXFileReference; lastKnownFileType = sourcecode.swift; path = CoinsInteractor.swift; sourceTree = "<group>"; };
		1CA3D39C28D3C850009D43E9 /* CoinsInteractorProtocol.swift */ = {isa = PBXFileReference; lastKnownFileType = sourcecode.swift; path = CoinsInteractorProtocol.swift; sourceTree = "<group>"; };
		1CA3D39E28D3C8DE009D43E9 /* Interactor.swift */ = {isa = PBXFileReference; lastKnownFileType = sourcecode.swift; path = Interactor.swift; sourceTree = "<group>"; };
		1CA3D3A028D3CD80009D43E9 /* Coin.swift */ = {isa = PBXFileReference; lastKnownFileType = sourcecode.swift; path = Coin.swift; sourceTree = "<group>"; };
		1CD695AD28CFBF8C007AE077 /* Core.framework */ = {isa = PBXFileReference; explicitFileType = wrapper.framework; includeInIndex = 0; path = Core.framework; sourceTree = BUILT_PRODUCTS_DIR; };
		1CD695B028CFBF8C007AE077 /* Core.h */ = {isa = PBXFileReference; lastKnownFileType = sourcecode.c.h; path = Core.h; sourceTree = "<group>"; };
		1CD695CB28CFC2BD007AE077 /* CoreClass.swift */ = {isa = PBXFileReference; lastKnownFileType = sourcecode.swift; path = CoreClass.swift; sourceTree = "<group>"; };
		2C8B2BF1CDE9E49C0B08AA38 /* Pods_Core.framework */ = {isa = PBXFileReference; explicitFileType = wrapper.framework; includeInIndex = 0; path = Pods_Core.framework; sourceTree = BUILT_PRODUCTS_DIR; };
		62353CAB1E1CA198558D2520 /* Pods-Core.debug.xcconfig */ = {isa = PBXFileReference; includeInIndex = 1; lastKnownFileType = text.xcconfig; name = "Pods-Core.debug.xcconfig"; path = "Target Support Files/Pods-Core/Pods-Core.debug.xcconfig"; sourceTree = "<group>"; };
		8CDDF5390D1400EA9811ABB9 /* Pods-Core.release.xcconfig */ = {isa = PBXFileReference; includeInIndex = 1; lastKnownFileType = text.xcconfig; name = "Pods-Core.release.xcconfig"; path = "Target Support Files/Pods-Core/Pods-Core.release.xcconfig"; sourceTree = "<group>"; };
/* End PBXFileReference section */

/* Begin PBXFrameworksBuildPhase section */
		1CD695AA28CFBF8C007AE077 /* Frameworks */ = {
			isa = PBXFrameworksBuildPhase;
			buildActionMask = 2147483647;
			files = (
				0CDD5C6D191386F9E9337121 /* Pods_Core.framework in Frameworks */,
			);
			runOnlyForDeploymentPostprocessing = 0;
		};
/* End PBXFrameworksBuildPhase section */

/* Begin PBXGroup section */
		1CA3D39728D3C803009D43E9 /* Models */ = {
			isa = PBXGroup;
			children = (
				1CA3D3A028D3CD80009D43E9 /* Coin.swift */,
			);
			path = Models;
			sourceTree = "<group>";
		};
		1CA3D39828D3C807009D43E9 /* Interactors */ = {
			isa = PBXGroup;
			children = (
				1CA3D39E28D3C8DE009D43E9 /* Interactor.swift */,
				1CA3D39928D3C835009D43E9 /* Coins */,
			);
			path = Interactors;
			sourceTree = "<group>";
		};
		1CA3D39928D3C835009D43E9 /* Coins */ = {
			isa = PBXGroup;
			children = (
				1CA3D39C28D3C850009D43E9 /* CoinsInteractorProtocol.swift */,
				1CA3D39A28D3C847009D43E9 /* CoinsInteractor.swift */,
			);
			path = Coins;
			sourceTree = "<group>";
		};
		1CD695A328CFBF8C007AE077 = {
			isa = PBXGroup;
			children = (
				1CD695AF28CFBF8C007AE077 /* Core */,
				1CD695AE28CFBF8C007AE077 /* Products */,
				A1AF8F122E2D77EC90CBDB0A /* Pods */,
				3B6491F9281145563AE6E63E /* Frameworks */,
			);
			sourceTree = "<group>";
		};
		1CD695AE28CFBF8C007AE077 /* Products */ = {
			isa = PBXGroup;
			children = (
				1CD695AD28CFBF8C007AE077 /* Core.framework */,
			);
			name = Products;
			sourceTree = "<group>";
		};
		1CD695AF28CFBF8C007AE077 /* Core */ = {
			isa = PBXGroup;
			children = (
				1CDCB2C328D122AE00624AB5 /* Classes */,
				1CD695B028CFBF8C007AE077 /* Core.h */,
				1CD695CB28CFC2BD007AE077 /* CoreClass.swift */,
			);
			path = Core;
			sourceTree = "<group>";
		};
		1CDCB2C328D122AE00624AB5 /* Classes */ = {
			isa = PBXGroup;
			children = (
				1CA3D39828D3C807009D43E9 /* Interactors */,
				1CA3D39728D3C803009D43E9 /* Models */,
			);
			path = Classes;
			sourceTree = "<group>";
		};
		3B6491F9281145563AE6E63E /* Frameworks */ = {
			isa = PBXGroup;
			children = (
				2C8B2BF1CDE9E49C0B08AA38 /* Pods_Core.framework */,
			);
			name = Frameworks;
			sourceTree = "<group>";
		};
		A1AF8F122E2D77EC90CBDB0A /* Pods */ = {
			isa = PBXGroup;
			children = (
				62353CAB1E1CA198558D2520 /* Pods-Core.debug.xcconfig */,
				8CDDF5390D1400EA9811ABB9 /* Pods-Core.release.xcconfig */,
			);
			name = Pods;
			path = ../Pods;
			sourceTree = "<group>";
		};
/* End PBXGroup section */

/* Begin PBXHeadersBuildPhase section */
		1CD695A828CFBF8C007AE077 /* Headers */ = {
			isa = PBXHeadersBuildPhase;
			buildActionMask = 2147483647;
			files = (
				1CD695B128CFBF8C007AE077 /* Core.h in Headers */,
			);
			runOnlyForDeploymentPostprocessing = 0;
		};
/* End PBXHeadersBuildPhase section */

/* Begin PBXNativeTarget section */
		1CD695AC28CFBF8C007AE077 /* Core */ = {
			isa = PBXNativeTarget;
			buildConfigurationList = 1CD695B428CFBF8C007AE077 /* Build configuration list for PBXNativeTarget "Core" */;
			buildPhases = (
				36A20DDB4B9A08AC47C4AC47 /* [CP] Check Pods Manifest.lock */,
				1CD695A828CFBF8C007AE077 /* Headers */,
				1CD695A928CFBF8C007AE077 /* Sources */,
				1CD695AA28CFBF8C007AE077 /* Frameworks */,
				1CD695AB28CFBF8C007AE077 /* Resources */,
			);
			buildRules = (
			);
			dependencies = (
			);
			name = Core;
			productName = Core;
			productReference = 1CD695AD28CFBF8C007AE077 /* Core.framework */;
			productType = "com.apple.product-type.framework";
		};
/* End PBXNativeTarget section */

/* Begin PBXProject section */
		1CD695A428CFBF8C007AE077 /* Project object */ = {
			isa = PBXProject;
			attributes = {
				BuildIndependentTargetsInParallel = 1;
				LastUpgradeCheck = 1330;
				ORGANIZATIONNAME = BSUIR;
				TargetAttributes = {
					1CD695AC28CFBF8C007AE077 = {
						CreatedOnToolsVersion = 13.3.1;
						LastSwiftMigration = 1330;
					};
				};
			};
			buildConfigurationList = 1CD695A728CFBF8C007AE077 /* Build configuration list for PBXProject "Core" */;
			compatibilityVersion = "Xcode 13.0";
			developmentRegion = en;
			hasScannedForEncodings = 0;
			knownRegions = (
				en,
				Base,
			);
			mainGroup = 1CD695A328CFBF8C007AE077;
			productRefGroup = 1CD695AE28CFBF8C007AE077 /* Products */;
			projectDirPath = "";
			projectRoot = "";
			targets = (
				1CD695AC28CFBF8C007AE077 /* Core */,
			);
		};
/* End PBXProject section */

/* Begin PBXResourcesBuildPhase section */
		1CD695AB28CFBF8C007AE077 /* Resources */ = {
			isa = PBXResourcesBuildPhase;
			buildActionMask = 2147483647;
			files = (
			);
			runOnlyForDeploymentPostprocessing = 0;
		};
/* End PBXResourcesBuildPhase section */

/* Begin PBXShellScriptBuildPhase section */
		36A20DDB4B9A08AC47C4AC47 /* [CP] Check Pods Manifest.lock */ = {
			isa = PBXShellScriptBuildPhase;
			buildActionMask = 2147483647;
			files = (
			);
			inputFileListPaths = (
			);
			inputPaths = (
				"${PODS_PODFILE_DIR_PATH}/Podfile.lock",
				"${PODS_ROOT}/Manifest.lock",
			);
			name = "[CP] Check Pods Manifest.lock";
			outputFileListPaths = (
			);
			outputPaths = (
				"$(DERIVED_FILE_DIR)/Pods-Core-checkManifestLockResult.txt",
			);
			runOnlyForDeploymentPostprocessing = 0;
			shellPath = /bin/sh;
			shellScript = "diff \"${PODS_PODFILE_DIR_PATH}/Podfile.lock\" \"${PODS_ROOT}/Manifest.lock\" > /dev/null\nif [ $? != 0 ] ; then\n    # print error to STDERR\n    echo \"error: The sandbox is not in sync with the Podfile.lock. Run 'pod install' or update your CocoaPods installation.\" >&2\n    exit 1\nfi\n# This output is used by Xcode 'outputs' to avoid re-running this script phase.\necho \"SUCCESS\" > \"${SCRIPT_OUTPUT_FILE_0}\"\n";
			showEnvVarsInLog = 0;
		};
/* End PBXShellScriptBuildPhase section */

/* Begin PBXSourcesBuildPhase section */
		1CD695A928CFBF8C007AE077 /* Sources */ = {
			isa = PBXSourcesBuildPhase;
			buildActionMask = 2147483647;
			files = (
				1CA3D39B28D3C847009D43E9 /* CoinsInteractor.swift in Sources */,
				1CD695CC28CFC2BD007AE077 /* CoreClass.swift in Sources */,
				1CA3D39F28D3C8DE009D43E9 /* Interactor.swift in Sources */,
				1CA3D3A128D3CD80009D43E9 /* Coin.swift in Sources */,
				1CA3D39D28D3C850009D43E9 /* CoinsInteractorProtocol.swift in Sources */,
			);
			runOnlyForDeploymentPostprocessing = 0;
		};
/* End PBXSourcesBuildPhase section */

/* Begin XCBuildConfiguration section */
		1CD695B228CFBF8C007AE077 /* Debug */ = {
			isa = XCBuildConfiguration;
			buildSettings = {
				ALWAYS_SEARCH_USER_PATHS = NO;
				CLANG_ANALYZER_NONNULL = YES;
				CLANG_ANALYZER_NUMBER_OBJECT_CONVERSION = YES_AGGRESSIVE;
				CLANG_CXX_LANGUAGE_STANDARD = "gnu++17";
				CLANG_ENABLE_MODULES = YES;
				CLANG_ENABLE_OBJC_ARC = YES;
				CLANG_ENABLE_OBJC_WEAK = YES;
				CLANG_WARN_BLOCK_CAPTURE_AUTORELEASING = YES;
				CLANG_WARN_BOOL_CONVERSION = YES;
				CLANG_WARN_COMMA = YES;
				CLANG_WARN_CONSTANT_CONVERSION = YES;
				CLANG_WARN_DEPRECATED_OBJC_IMPLEMENTATIONS = YES;
				CLANG_WARN_DIRECT_OBJC_ISA_USAGE = YES_ERROR;
				CLANG_WARN_DOCUMENTATION_COMMENTS = YES;
				CLANG_WARN_EMPTY_BODY = YES;
				CLANG_WARN_ENUM_CONVERSION = YES;
				CLANG_WARN_INFINITE_RECURSION = YES;
				CLANG_WARN_INT_CONVERSION = YES;
				CLANG_WARN_NON_LITERAL_NULL_CONVERSION = YES;
				CLANG_WARN_OBJC_IMPLICIT_RETAIN_SELF = YES;
				CLANG_WARN_OBJC_LITERAL_CONVERSION = YES;
				CLANG_WARN_OBJC_ROOT_CLASS = YES_ERROR;
				CLANG_WARN_QUOTED_INCLUDE_IN_FRAMEWORK_HEADER = YES;
				CLANG_WARN_RANGE_LOOP_ANALYSIS = YES;
				CLANG_WARN_STRICT_PROTOTYPES = YES;
				CLANG_WARN_SUSPICIOUS_MOVE = YES;
				CLANG_WARN_UNGUARDED_AVAILABILITY = YES_AGGRESSIVE;
				CLANG_WARN_UNREACHABLE_CODE = YES;
				CLANG_WARN__DUPLICATE_METHOD_MATCH = YES;
				COPY_PHASE_STRIP = NO;
				CURRENT_PROJECT_VERSION = 1;
				DEBUG_INFORMATION_FORMAT = dwarf;
				ENABLE_STRICT_OBJC_MSGSEND = YES;
				ENABLE_TESTABILITY = YES;
				GCC_C_LANGUAGE_STANDARD = gnu11;
				GCC_DYNAMIC_NO_PIC = NO;
				GCC_NO_COMMON_BLOCKS = YES;
				GCC_OPTIMIZATION_LEVEL = 0;
				GCC_PREPROCESSOR_DEFINITIONS = (
					"DEBUG=1",
					"$(inherited)",
				);
				GCC_WARN_64_TO_32_BIT_CONVERSION = YES;
				GCC_WARN_ABOUT_RETURN_TYPE = YES_ERROR;
				GCC_WARN_UNDECLARED_SELECTOR = YES;
				GCC_WARN_UNINITIALIZED_AUTOS = YES_AGGRESSIVE;
				GCC_WARN_UNUSED_FUNCTION = YES;
				GCC_WARN_UNUSED_VARIABLE = YES;
				IPHONEOS_DEPLOYMENT_TARGET = 15.4;
				MTL_ENABLE_DEBUG_INFO = INCLUDE_SOURCE;
				MTL_FAST_MATH = YES;
				ONLY_ACTIVE_ARCH = YES;
				SDKROOT = iphoneos;
				SWIFT_ACTIVE_COMPILATION_CONDITIONS = DEBUG;
				SWIFT_OPTIMIZATION_LEVEL = "-Onone";
				VERSIONING_SYSTEM = "apple-generic";
				VERSION_INFO_PREFIX = "";
			};
			name = Debug;
		};
		1CD695B328CFBF8C007AE077 /* Release */ = {
			isa = XCBuildConfiguration;
			buildSettings = {
				ALWAYS_SEARCH_USER_PATHS = NO;
				CLANG_ANALYZER_NONNULL = YES;
				CLANG_ANALYZER_NUMBER_OBJECT_CONVERSION = YES_AGGRESSIVE;
				CLANG_CXX_LANGUAGE_STANDARD = "gnu++17";
				CLANG_ENABLE_MODULES = YES;
				CLANG_ENABLE_OBJC_ARC = YES;
				CLANG_ENABLE_OBJC_WEAK = YES;
				CLANG_WARN_BLOCK_CAPTURE_AUTORELEASING = YES;
				CLANG_WARN_BOOL_CONVERSION = YES;
				CLANG_WARN_COMMA = YES;
				CLANG_WARN_CONSTANT_CONVERSION = YES;
				CLANG_WARN_DEPRECATED_OBJC_IMPLEMENTATIONS = YES;
				CLANG_WARN_DIRECT_OBJC_ISA_USAGE = YES_ERROR;
				CLANG_WARN_DOCUMENTATION_COMMENTS = YES;
				CLANG_WARN_EMPTY_BODY = YES;
				CLANG_WARN_ENUM_CONVERSION = YES;
				CLANG_WARN_INFINITE_RECURSION = YES;
				CLANG_WARN_INT_CONVERSION = YES;
				CLANG_WARN_NON_LITERAL_NULL_CONVERSION = YES;
				CLANG_WARN_OBJC_IMPLICIT_RETAIN_SELF = YES;
				CLANG_WARN_OBJC_LITERAL_CONVERSION = YES;
				CLANG_WARN_OBJC_ROOT_CLASS = YES_ERROR;
				CLANG_WARN_QUOTED_INCLUDE_IN_FRAMEWORK_HEADER = YES;
				CLANG_WARN_RANGE_LOOP_ANALYSIS = YES;
				CLANG_WARN_STRICT_PROTOTYPES = YES;
				CLANG_WARN_SUSPICIOUS_MOVE = YES;
				CLANG_WARN_UNGUARDED_AVAILABILITY = YES_AGGRESSIVE;
				CLANG_WARN_UNREACHABLE_CODE = YES;
				CLANG_WARN__DUPLICATE_METHOD_MATCH = YES;
				COPY_PHASE_STRIP = NO;
				CURRENT_PROJECT_VERSION = 1;
				DEBUG_INFORMATION_FORMAT = "dwarf-with-dsym";
				ENABLE_NS_ASSERTIONS = NO;
				ENABLE_STRICT_OBJC_MSGSEND = YES;
				GCC_C_LANGUAGE_STANDARD = gnu11;
				GCC_NO_COMMON_BLOCKS = YES;
				GCC_WARN_64_TO_32_BIT_CONVERSION = YES;
				GCC_WARN_ABOUT_RETURN_TYPE = YES_ERROR;
				GCC_WARN_UNDECLARED_SELECTOR = YES;
				GCC_WARN_UNINITIALIZED_AUTOS = YES_AGGRESSIVE;
				GCC_WARN_UNUSED_FUNCTION = YES;
				GCC_WARN_UNUSED_VARIABLE = YES;
				IPHONEOS_DEPLOYMENT_TARGET = 15.4;
				MTL_ENABLE_DEBUG_INFO = NO;
				MTL_FAST_MATH = YES;
				SDKROOT = iphoneos;
				SWIFT_COMPILATION_MODE = wholemodule;
				SWIFT_OPTIMIZATION_LEVEL = "-O";
				VALIDATE_PRODUCT = YES;
				VERSIONING_SYSTEM = "apple-generic";
				VERSION_INFO_PREFIX = "";
			};
			name = Release;
		};
		1CD695B528CFBF8C007AE077 /* Debug */ = {
			isa = XCBuildConfiguration;
			baseConfigurationReference = 62353CAB1E1CA198558D2520 /* Pods-Core.debug.xcconfig */;
			buildSettings = {
				CLANG_ENABLE_MODULES = YES;
				CODE_SIGN_STYLE = Automatic;
				CURRENT_PROJECT_VERSION = 1;
				DEFINES_MODULE = YES;
				DEVELOPMENT_TEAM = FYCQ8AVG67;
				DYLIB_COMPATIBILITY_VERSION = 1;
				DYLIB_CURRENT_VERSION = 1;
				DYLIB_INSTALL_NAME_BASE = "@rpath";
				GENERATE_INFOPLIST_FILE = YES;
				INFOPLIST_KEY_NSHumanReadableCopyright = "";
				INSTALL_PATH = "$(LOCAL_LIBRARY_DIR)/Frameworks";
				LD_RUNPATH_SEARCH_PATHS = (
					"$(inherited)",
					"@executable_path/Frameworks",
					"@loader_path/Frameworks",
				);
				MARKETING_VERSION = 1.0;
				PRODUCT_BUNDLE_IDENTIFIER = com.coingecko.Core;
				PRODUCT_NAME = "$(TARGET_NAME:c99extidentifier)";
				SKIP_INSTALL = YES;
				SWIFT_EMIT_LOC_STRINGS = YES;
				SWIFT_OPTIMIZATION_LEVEL = "-Onone";
				SWIFT_VERSION = 5.0;
				TARGETED_DEVICE_FAMILY = "1,2";
			};
			name = Debug;
		};
		1CD695B628CFBF8C007AE077 /* Release */ = {
			isa = XCBuildConfiguration;
			baseConfigurationReference = 8CDDF5390D1400EA9811ABB9 /* Pods-Core.release.xcconfig */;
			buildSettings = {
				CLANG_ENABLE_MODULES = YES;
				CODE_SIGN_STYLE = Automatic;
				CURRENT_PROJECT_VERSION = 1;
				DEFINES_MODULE = YES;
				DEVELOPMENT_TEAM = FYCQ8AVG67;
				DYLIB_COMPATIBILITY_VERSION = 1;
				DYLIB_CURRENT_VERSION = 1;
				DYLIB_INSTALL_NAME_BASE = "@rpath";
				GENERATE_INFOPLIST_FILE = YES;
				INFOPLIST_KEY_NSHumanReadableCopyright = "";
				INSTALL_PATH = "$(LOCAL_LIBRARY_DIR)/Frameworks";
				LD_RUNPATH_SEARCH_PATHS = (
					"$(inherited)",
					"@executable_path/Frameworks",
					"@loader_path/Frameworks",
				);
				MARKETING_VERSION = 1.0;
				PRODUCT_BUNDLE_IDENTIFIER = com.coingecko.Core;
				PRODUCT_NAME = "$(TARGET_NAME:c99extidentifier)";
				SKIP_INSTALL = YES;
				SWIFT_EMIT_LOC_STRINGS = YES;
				SWIFT_VERSION = 5.0;
				TARGETED_DEVICE_FAMILY = "1,2";
			};
			name = Release;
		};
/* End XCBuildConfiguration section */

/* Begin XCConfigurationList section */
		1CD695A728CFBF8C007AE077 /* Build configuration list for PBXProject "Core" */ = {
			isa = XCConfigurationList;
			buildConfigurations = (
				1CD695B228CFBF8C007AE077 /* Debug */,
				1CD695B328CFBF8C007AE077 /* Release */,
			);
			defaultConfigurationIsVisible = 0;
			defaultConfigurationName = Release;
		};
		1CD695B428CFBF8C007AE077 /* Build configuration list for PBXNativeTarget "Core" */ = {
			isa = XCConfigurationList;
			buildConfigurations = (
				1CD695B528CFBF8C007AE077 /* Debug */,
				1CD695B628CFBF8C007AE077 /* Release */,
			);
			defaultConfigurationIsVisible = 0;
			defaultConfigurationName = Release;
		};
/* End XCConfigurationList section */
	};
	rootObject = 1CD695A428CFBF8C007AE077 /* Project object */;
}
