// !$*UTF8*$!
{
	archiveVersion = 1;
	classes = {
	};
	objectVersion = 55;
	objects = {

/* Begin PBXBuildFile section */
		0CDD5C6D191386F9E9337121 /* Pods_Core.framework in Frameworks */ = {isa = PBXBuildFile; fileRef = 2C8B2BF1CDE9E49C0B08AA38 /* Pods_Core.framework */; };
		1C01EDC129EEA1860088AEE7 /* UsersAPIDataManagerProtocol.swift in Sources */ = {isa = PBXBuildFile; fileRef = 1C01EDC029EEA1860088AEE7 /* UsersAPIDataManagerProtocol.swift */; };
		1C01EDC329EEA18A0088AEE7 /* UsersAPIDataManager.swift in Sources */ = {isa = PBXBuildFile; fileRef = 1C01EDC229EEA18A0088AEE7 /* UsersAPIDataManager.swift */; };
		1C01EDC529EEAAA00088AEE7 /* UserResponse.swift in Sources */ = {isa = PBXBuildFile; fileRef = 1C01EDC429EEAAA00088AEE7 /* UserResponse.swift */; };
		1C05EE3E29F68D8C00A9306C /* AuthServiceProtocol.swift in Sources */ = {isa = PBXBuildFile; fileRef = 1C05EE3D29F68D8C00A9306C /* AuthServiceProtocol.swift */; };
		1C05EE4029F68D9200A9306C /* AuthService.swift in Sources */ = {isa = PBXBuildFile; fileRef = 1C05EE3F29F68D9200A9306C /* AuthService.swift */; };
		1C05EE4329F68E0E00A9306C /* AuthAPIDataManager.swift in Sources */ = {isa = PBXBuildFile; fileRef = 1C05EE4229F68E0E00A9306C /* AuthAPIDataManager.swift */; };
		1C05EE4529F68E1100A9306C /* AuthAPIDataManagerProtocol.swift in Sources */ = {isa = PBXBuildFile; fileRef = 1C05EE4429F68E1100A9306C /* AuthAPIDataManagerProtocol.swift */; };
		1C05EE4829F68E8700A9306C /* UsersCacheDataManager.swift in Sources */ = {isa = PBXBuildFile; fileRef = 1C05EE4729F68E8700A9306C /* UsersCacheDataManager.swift */; };
		1C05EE4A29F68E8B00A9306C /* UsersCacheDataManagerProtocol.swift in Sources */ = {isa = PBXBuildFile; fileRef = 1C05EE4929F68E8B00A9306C /* UsersCacheDataManagerProtocol.swift */; };
		1C12DD5228F238F900E7D91E /* SearchResponse.swift in Sources */ = {isa = PBXBuildFile; fileRef = 1C12DD5128F238F900E7D91E /* SearchResponse.swift */; };
		1C289BB129F55725005A231C /* ComposePostService.swift in Sources */ = {isa = PBXBuildFile; fileRef = 1C289BB029F55725005A231C /* ComposePostService.swift */; };
		1C289BB329F55729005A231C /* ComposePostServiceProtocol.swift in Sources */ = {isa = PBXBuildFile; fileRef = 1C289BB229F55729005A231C /* ComposePostServiceProtocol.swift */; };
		1C289BB629F58493005A231C /* ComposePostCacheDataManager.swift in Sources */ = {isa = PBXBuildFile; fileRef = 1C289BB529F58493005A231C /* ComposePostCacheDataManager.swift */; };
		1C289BB829F58498005A231C /* ComposePostCacheDataManagerProtocol.swift in Sources */ = {isa = PBXBuildFile; fileRef = 1C289BB729F58498005A231C /* ComposePostCacheDataManagerProtocol.swift */; };
		1C289BBB29F584BF005A231C /* PostsAPIDataManagerProtocol.swift in Sources */ = {isa = PBXBuildFile; fileRef = 1C289BBA29F584BF005A231C /* PostsAPIDataManagerProtocol.swift */; };
		1C289BBD29F584C2005A231C /* PostsAPIDataManager.swift in Sources */ = {isa = PBXBuildFile; fileRef = 1C289BBC29F584C2005A231C /* PostsAPIDataManager.swift */; };
		1C289BBF29F588EF005A231C /* PostResponse.swift in Sources */ = {isa = PBXBuildFile; fileRef = 1C289BBE29F588EF005A231C /* PostResponse.swift */; };
		1C289BC129F5892E005A231C /* Post.swift in Sources */ = {isa = PBXBuildFile; fileRef = 1C289BC029F5892E005A231C /* Post.swift */; };
		1C289BC629F59F6A005A231C /* PostsCacheDataManager.swift in Sources */ = {isa = PBXBuildFile; fileRef = 1C289BC529F59F6A005A231C /* PostsCacheDataManager.swift */; };
		1C289BC829F59F6E005A231C /* PostsCacheDataManagerProtocol.swift in Sources */ = {isa = PBXBuildFile; fileRef = 1C289BC729F59F6E005A231C /* PostsCacheDataManagerProtocol.swift */; };
		1C289BCB29F5A007005A231C /* PostsService.swift in Sources */ = {isa = PBXBuildFile; fileRef = 1C289BCA29F5A007005A231C /* PostsService.swift */; };
		1C289BCD29F5A00E005A231C /* PostsServiceProtocol.swift in Sources */ = {isa = PBXBuildFile; fileRef = 1C289BCC29F5A00E005A231C /* PostsServiceProtocol.swift */; };
		1C2A63D928D5FA1F0007877D /* CoinsAPIDataManager.swift in Sources */ = {isa = PBXBuildFile; fileRef = 1C2A63D828D5FA1F0007877D /* CoinsAPIDataManager.swift */; };
		1C2EF9AF29F8768D00052211 /* UsersService.swift in Sources */ = {isa = PBXBuildFile; fileRef = 1C2EF9AE29F8768D00052211 /* UsersService.swift */; };
		1C2EF9B129F8769200052211 /* UsersServiceProtocol.swift in Sources */ = {isa = PBXBuildFile; fileRef = 1C2EF9B029F8769200052211 /* UsersServiceProtocol.swift */; };
		1C32DA612A3DD8EC0030C8F2 /* ServiceError.swift in Sources */ = {isa = PBXBuildFile; fileRef = 1C32DA602A3DD8EC0030C8F2 /* ServiceError.swift */; };
		1C32DA632A3DE86F0030C8F2 /* FirebaseError.swift in Sources */ = {isa = PBXBuildFile; fileRef = 1C32DA622A3DE86F0030C8F2 /* FirebaseError.swift */; };
		1C3F8AE128ECD75A00E04740 /* GlobalDataResponse.swift in Sources */ = {isa = PBXBuildFile; fileRef = 1C3F8AE028ECD75A00E04740 /* GlobalDataResponse.swift */; };
		1C3F8AE328ECD92D00E04740 /* GlobalData.swift in Sources */ = {isa = PBXBuildFile; fileRef = 1C3F8AE228ECD92D00E04740 /* GlobalData.swift */; };
		1C4287A428E07DFD00273979 /* CoinChartData.swift in Sources */ = {isa = PBXBuildFile; fileRef = 1C4287A328E07DFD00273979 /* CoinChartData.swift */; };
		1C57B50D28D5E9B600E91F7C /* Utils.framework in Frameworks */ = {isa = PBXBuildFile; fileRef = 1C57B50C28D5E9B600E91F7C /* Utils.framework */; };
		1C57B50E28D5E9B600E91F7C /* Utils.framework in Embed Frameworks */ = {isa = PBXBuildFile; fileRef = 1C57B50C28D5E9B600E91F7C /* Utils.framework */; settings = {ATTRIBUTES = (CodeSignOnCopy, RemoveHeadersOnCopy, ); }; };
		1C590F3D29EC96D800D700D1 /* ComposeUserService.swift in Sources */ = {isa = PBXBuildFile; fileRef = 1C590F3C29EC96D800D700D1 /* ComposeUserService.swift */; };
		1C60D9F828E8C68500B675DA /* APIHelpers.swift in Sources */ = {isa = PBXBuildFile; fileRef = 1C60D9F728E8C68500B675DA /* APIHelpers.swift */; };
		1C60D9FD28E8C70A00B675DA /* RequestDescription.swift in Sources */ = {isa = PBXBuildFile; fileRef = 1C60D9FC28E8C70A00B675DA /* RequestDescription.swift */; };
		1C60D9FF28E8C71200B675DA /* RequestDescriptions.swift in Sources */ = {isa = PBXBuildFile; fileRef = 1C60D9FE28E8C71200B675DA /* RequestDescriptions.swift */; };
		1C60DA0128E8C72700B675DA /* ParametersProvider.swift in Sources */ = {isa = PBXBuildFile; fileRef = 1C60DA0028E8C72700B675DA /* ParametersProvider.swift */; };
		1C60DA0328E8C72F00B675DA /* ParametersProviders.swift in Sources */ = {isa = PBXBuildFile; fileRef = 1C60DA0228E8C72F00B675DA /* ParametersProviders.swift */; };
		1C60DA0D28E8E64000B675DA /* APIResponse.swift in Sources */ = {isa = PBXBuildFile; fileRef = 1C60DA0C28E8E64000B675DA /* APIResponse.swift */; };
		1C72009E28D70E9D001DDBD5 /* CoinsAPIDataManagerProtocol.swift in Sources */ = {isa = PBXBuildFile; fileRef = 1C72009D28D70E9D001DDBD5 /* CoinsAPIDataManagerProtocol.swift */; };
		1C872DD129F3DEDC00F6D83F /* User.swift in Sources */ = {isa = PBXBuildFile; fileRef = 1C872DD029F3DEDC00F6D83F /* User.swift */; };
		1C945B2029FB0D4A0085FA2F /* CoinIdentifierResponse.swift in Sources */ = {isa = PBXBuildFile; fileRef = 1C945B1F29FB0D4A0085FA2F /* CoinIdentifierResponse.swift */; };
		1C945B2229FB0D680085FA2F /* CoinIdentifier.swift in Sources */ = {isa = PBXBuildFile; fileRef = 1C945B2129FB0D680085FA2F /* CoinIdentifier.swift */; };
		1CA3D39B28D3C847009D43E9 /* CoinsService.swift in Sources */ = {isa = PBXBuildFile; fileRef = 1CA3D39A28D3C847009D43E9 /* CoinsService.swift */; };
		1CA3D39D28D3C850009D43E9 /* CoinsServiceProtocol.swift in Sources */ = {isa = PBXBuildFile; fileRef = 1CA3D39C28D3C850009D43E9 /* CoinsServiceProtocol.swift */; };
		1CA3D3A128D3CD80009D43E9 /* Coin.swift in Sources */ = {isa = PBXBuildFile; fileRef = 1CA3D3A028D3CD80009D43E9 /* Coin.swift */; };
		1CAC0F1B29ED8ABE0098D5B4 /* ComposeUserServiceProtocol.swift in Sources */ = {isa = PBXBuildFile; fileRef = 1CAC0F1A29ED8ABE0098D5B4 /* ComposeUserServiceProtocol.swift */; };
		1CAC0F1E29ED8ADC0098D5B4 /* ComposeUserCacheDataManager.swift in Sources */ = {isa = PBXBuildFile; fileRef = 1CAC0F1D29ED8ADC0098D5B4 /* ComposeUserCacheDataManager.swift */; };
		1CAC0F2029ED8AF50098D5B4 /* ComposeUserCacheDataManagerProtocol.swift in Sources */ = {isa = PBXBuildFile; fileRef = 1CAC0F1F29ED8AF50098D5B4 /* ComposeUserCacheDataManagerProtocol.swift */; };
		1CB0B4ED293FF3FA00C874C4 /* ExternalLinkBuilder.swift in Sources */ = {isa = PBXBuildFile; fileRef = 1CB0B4EC293FF3FA00C874C4 /* ExternalLinkBuilder.swift */; };
		1CB234FA29F887F9001D98BF /* WalletResponse.swift in Sources */ = {isa = PBXBuildFile; fileRef = 1CB234F929F887F9001D98BF /* WalletResponse.swift */; };
		1CB234FC29F8881F001D98BF /* Wallet.swift in Sources */ = {isa = PBXBuildFile; fileRef = 1CB234FB29F8881F001D98BF /* Wallet.swift */; };
		1CB3353E29EC2C7A003D08EB /* APIDataManager.swift in Sources */ = {isa = PBXBuildFile; fileRef = 1CB3353D29EC2C7A003D08EB /* APIDataManager.swift */; };
		1CC178F428E63BDA00550D3B /* CoinResponse.swift in Sources */ = {isa = PBXBuildFile; fileRef = 1CC178F328E63BDA00550D3B /* CoinResponse.swift */; };
		1CC178F728E6463900550D3B /* CoinChartDataResponse.swift in Sources */ = {isa = PBXBuildFile; fileRef = 1CC178F628E6463900550D3B /* CoinChartDataResponse.swift */; };
		1CC2B5B129F9C5E100C26190 /* AppPropertiesDataManager.swift in Sources */ = {isa = PBXBuildFile; fileRef = 1CC2B5B029F9C5E100C26190 /* AppPropertiesDataManager.swift */; };
		1CC2B5B429F9C69100C26190 /* AppPropertyCodable.swift in Sources */ = {isa = PBXBuildFile; fileRef = 1CC2B5B329F9C69100C26190 /* AppPropertyCodable.swift */; };
		1CC2B5B729F9C6D300C26190 /* User+AppPropertyCodable.swift in Sources */ = {isa = PBXBuildFile; fileRef = 1CC2B5B629F9C6D300C26190 /* User+AppPropertyCodable.swift */; };
		1CC6EAC82A3DB338008B3314 /* APIError.swift in Sources */ = {isa = PBXBuildFile; fileRef = 1CC6EAC72A3DB338008B3314 /* APIError.swift */; };
		1CD2581A29F8804400EE96DD /* WalletsServiceProtocol.swift in Sources */ = {isa = PBXBuildFile; fileRef = 1CD2581929F8804400EE96DD /* WalletsServiceProtocol.swift */; };
		1CD2581C29F8804B00EE96DD /* WalletsService.swift in Sources */ = {isa = PBXBuildFile; fileRef = 1CD2581B29F8804B00EE96DD /* WalletsService.swift */; };
		1CD2581F29F8807500EE96DD /* WalletsAPIDataManager.swift in Sources */ = {isa = PBXBuildFile; fileRef = 1CD2581E29F8807500EE96DD /* WalletsAPIDataManager.swift */; };
		1CD2582129F8807800EE96DD /* WalletsAPIDataManagerProtocol.swift in Sources */ = {isa = PBXBuildFile; fileRef = 1CD2582029F8807800EE96DD /* WalletsAPIDataManagerProtocol.swift */; };
		1CD2582429F880B700EE96DD /* WalletsCacheDataManager.swift in Sources */ = {isa = PBXBuildFile; fileRef = 1CD2582329F880B700EE96DD /* WalletsCacheDataManager.swift */; };
		1CD2582629F880BA00EE96DD /* WalletsCacheDataManagerProtocol.swift in Sources */ = {isa = PBXBuildFile; fileRef = 1CD2582529F880BA00EE96DD /* WalletsCacheDataManagerProtocol.swift */; };
		1CD695B128CFBF8C007AE077 /* Core.h in Headers */ = {isa = PBXBuildFile; fileRef = 1CD695B028CFBF8C007AE077 /* Core.h */; settings = {ATTRIBUTES = (Public, ); }; };
		1CE2AE6528F2C7A000642D00 /* SearchResult.swift in Sources */ = {isa = PBXBuildFile; fileRef = 1CE2AE6428F2C7A000642D00 /* SearchResult.swift */; };
		1CE2AE6728F3333000642D00 /* CoinDetails.swift in Sources */ = {isa = PBXBuildFile; fileRef = 1CE2AE6628F3333000642D00 /* CoinDetails.swift */; };
		1CE2AE6928F3333D00642D00 /* CoinDetailsResponse.swift in Sources */ = {isa = PBXBuildFile; fileRef = 1CE2AE6828F3333D00642D00 /* CoinDetailsResponse.swift */; };
		1CFD91FD291285120010172D /* CoinsCacheDataManager.swift in Sources */ = {isa = PBXBuildFile; fileRef = 1CFD91FC291285120010172D /* CoinsCacheDataManager.swift */; };
		1CFD91FF291285210010172D /* CoinsCacheDataManagerProtocol.swift in Sources */ = {isa = PBXBuildFile; fileRef = 1CFD91FE291285210010172D /* CoinsCacheDataManagerProtocol.swift */; };
/* End PBXBuildFile section */

/* Begin PBXCopyFilesBuildPhase section */
		1C57B50F28D5E9B600E91F7C /* Embed Frameworks */ = {
			isa = PBXCopyFilesBuildPhase;
			buildActionMask = 2147483647;
			dstPath = "";
			dstSubfolderSpec = 10;
			files = (
				1C57B50E28D5E9B600E91F7C /* Utils.framework in Embed Frameworks */,
			);
			name = "Embed Frameworks";
			runOnlyForDeploymentPostprocessing = 0;
		};
/* End PBXCopyFilesBuildPhase section */

/* Begin PBXFileReference section */
		1C01EDC029EEA1860088AEE7 /* UsersAPIDataManagerProtocol.swift */ = {isa = PBXFileReference; lastKnownFileType = sourcecode.swift; path = UsersAPIDataManagerProtocol.swift; sourceTree = "<group>"; };
		1C01EDC229EEA18A0088AEE7 /* UsersAPIDataManager.swift */ = {isa = PBXFileReference; lastKnownFileType = sourcecode.swift; path = UsersAPIDataManager.swift; sourceTree = "<group>"; };
		1C01EDC429EEAAA00088AEE7 /* UserResponse.swift */ = {isa = PBXFileReference; lastKnownFileType = sourcecode.swift; path = UserResponse.swift; sourceTree = "<group>"; };
		1C05EE3D29F68D8C00A9306C /* AuthServiceProtocol.swift */ = {isa = PBXFileReference; lastKnownFileType = sourcecode.swift; path = AuthServiceProtocol.swift; sourceTree = "<group>"; };
		1C05EE3F29F68D9200A9306C /* AuthService.swift */ = {isa = PBXFileReference; lastKnownFileType = sourcecode.swift; path = AuthService.swift; sourceTree = "<group>"; };
		1C05EE4229F68E0E00A9306C /* AuthAPIDataManager.swift */ = {isa = PBXFileReference; lastKnownFileType = sourcecode.swift; path = AuthAPIDataManager.swift; sourceTree = "<group>"; };
		1C05EE4429F68E1100A9306C /* AuthAPIDataManagerProtocol.swift */ = {isa = PBXFileReference; lastKnownFileType = sourcecode.swift; path = AuthAPIDataManagerProtocol.swift; sourceTree = "<group>"; };
		1C05EE4729F68E8700A9306C /* UsersCacheDataManager.swift */ = {isa = PBXFileReference; lastKnownFileType = sourcecode.swift; path = UsersCacheDataManager.swift; sourceTree = "<group>"; };
		1C05EE4929F68E8B00A9306C /* UsersCacheDataManagerProtocol.swift */ = {isa = PBXFileReference; lastKnownFileType = sourcecode.swift; path = UsersCacheDataManagerProtocol.swift; sourceTree = "<group>"; };
		1C12DD5128F238F900E7D91E /* SearchResponse.swift */ = {isa = PBXFileReference; lastKnownFileType = sourcecode.swift; path = SearchResponse.swift; sourceTree = "<group>"; };
		1C289BB029F55725005A231C /* ComposePostService.swift */ = {isa = PBXFileReference; lastKnownFileType = sourcecode.swift; path = ComposePostService.swift; sourceTree = "<group>"; };
		1C289BB229F55729005A231C /* ComposePostServiceProtocol.swift */ = {isa = PBXFileReference; lastKnownFileType = sourcecode.swift; path = ComposePostServiceProtocol.swift; sourceTree = "<group>"; };
		1C289BB529F58493005A231C /* ComposePostCacheDataManager.swift */ = {isa = PBXFileReference; lastKnownFileType = sourcecode.swift; path = ComposePostCacheDataManager.swift; sourceTree = "<group>"; };
		1C289BB729F58498005A231C /* ComposePostCacheDataManagerProtocol.swift */ = {isa = PBXFileReference; lastKnownFileType = sourcecode.swift; path = ComposePostCacheDataManagerProtocol.swift; sourceTree = "<group>"; };
		1C289BBA29F584BF005A231C /* PostsAPIDataManagerProtocol.swift */ = {isa = PBXFileReference; lastKnownFileType = sourcecode.swift; path = PostsAPIDataManagerProtocol.swift; sourceTree = "<group>"; };
		1C289BBC29F584C2005A231C /* PostsAPIDataManager.swift */ = {isa = PBXFileReference; lastKnownFileType = sourcecode.swift; path = PostsAPIDataManager.swift; sourceTree = "<group>"; };
		1C289BBE29F588EF005A231C /* PostResponse.swift */ = {isa = PBXFileReference; lastKnownFileType = sourcecode.swift; path = PostResponse.swift; sourceTree = "<group>"; };
		1C289BC029F5892E005A231C /* Post.swift */ = {isa = PBXFileReference; lastKnownFileType = sourcecode.swift; path = Post.swift; sourceTree = "<group>"; };
		1C289BC529F59F6A005A231C /* PostsCacheDataManager.swift */ = {isa = PBXFileReference; lastKnownFileType = sourcecode.swift; path = PostsCacheDataManager.swift; sourceTree = "<group>"; };
		1C289BC729F59F6E005A231C /* PostsCacheDataManagerProtocol.swift */ = {isa = PBXFileReference; lastKnownFileType = sourcecode.swift; path = PostsCacheDataManagerProtocol.swift; sourceTree = "<group>"; };
		1C289BCA29F5A007005A231C /* PostsService.swift */ = {isa = PBXFileReference; lastKnownFileType = sourcecode.swift; path = PostsService.swift; sourceTree = "<group>"; };
		1C289BCC29F5A00E005A231C /* PostsServiceProtocol.swift */ = {isa = PBXFileReference; lastKnownFileType = sourcecode.swift; path = PostsServiceProtocol.swift; sourceTree = "<group>"; };
		1C2A63D828D5FA1F0007877D /* CoinsAPIDataManager.swift */ = {isa = PBXFileReference; lastKnownFileType = sourcecode.swift; path = CoinsAPIDataManager.swift; sourceTree = "<group>"; };
		1C2EF9AE29F8768D00052211 /* UsersService.swift */ = {isa = PBXFileReference; lastKnownFileType = sourcecode.swift; path = UsersService.swift; sourceTree = "<group>"; };
		1C2EF9B029F8769200052211 /* UsersServiceProtocol.swift */ = {isa = PBXFileReference; lastKnownFileType = sourcecode.swift; path = UsersServiceProtocol.swift; sourceTree = "<group>"; };
		1C32DA602A3DD8EC0030C8F2 /* ServiceError.swift */ = {isa = PBXFileReference; lastKnownFileType = sourcecode.swift; path = ServiceError.swift; sourceTree = "<group>"; };
		1C32DA622A3DE86F0030C8F2 /* FirebaseError.swift */ = {isa = PBXFileReference; lastKnownFileType = sourcecode.swift; path = FirebaseError.swift; sourceTree = "<group>"; };
		1C3F8AE028ECD75A00E04740 /* GlobalDataResponse.swift */ = {isa = PBXFileReference; lastKnownFileType = sourcecode.swift; path = GlobalDataResponse.swift; sourceTree = "<group>"; };
		1C3F8AE228ECD92D00E04740 /* GlobalData.swift */ = {isa = PBXFileReference; lastKnownFileType = sourcecode.swift; path = GlobalData.swift; sourceTree = "<group>"; };
		1C4287A328E07DFD00273979 /* CoinChartData.swift */ = {isa = PBXFileReference; lastKnownFileType = sourcecode.swift; path = CoinChartData.swift; sourceTree = "<group>"; };
		1C57B50C28D5E9B600E91F7C /* Utils.framework */ = {isa = PBXFileReference; explicitFileType = wrapper.framework; path = Utils.framework; sourceTree = BUILT_PRODUCTS_DIR; };
		1C590F3C29EC96D800D700D1 /* ComposeUserService.swift */ = {isa = PBXFileReference; lastKnownFileType = sourcecode.swift; path = ComposeUserService.swift; sourceTree = "<group>"; };
		1C60D9F728E8C68500B675DA /* APIHelpers.swift */ = {isa = PBXFileReference; lastKnownFileType = sourcecode.swift; path = APIHelpers.swift; sourceTree = "<group>"; };
		1C60D9FC28E8C70A00B675DA /* RequestDescription.swift */ = {isa = PBXFileReference; lastKnownFileType = sourcecode.swift; path = RequestDescription.swift; sourceTree = "<group>"; };
		1C60D9FE28E8C71200B675DA /* RequestDescriptions.swift */ = {isa = PBXFileReference; lastKnownFileType = sourcecode.swift; path = RequestDescriptions.swift; sourceTree = "<group>"; };
		1C60DA0028E8C72700B675DA /* ParametersProvider.swift */ = {isa = PBXFileReference; lastKnownFileType = sourcecode.swift; path = ParametersProvider.swift; sourceTree = "<group>"; };
		1C60DA0228E8C72F00B675DA /* ParametersProviders.swift */ = {isa = PBXFileReference; lastKnownFileType = sourcecode.swift; path = ParametersProviders.swift; sourceTree = "<group>"; };
		1C60DA0C28E8E64000B675DA /* APIResponse.swift */ = {isa = PBXFileReference; lastKnownFileType = sourcecode.swift; path = APIResponse.swift; sourceTree = "<group>"; };
		1C72009D28D70E9D001DDBD5 /* CoinsAPIDataManagerProtocol.swift */ = {isa = PBXFileReference; lastKnownFileType = sourcecode.swift; path = CoinsAPIDataManagerProtocol.swift; sourceTree = "<group>"; };
		1C872DD029F3DEDC00F6D83F /* User.swift */ = {isa = PBXFileReference; lastKnownFileType = sourcecode.swift; path = User.swift; sourceTree = "<group>"; };
		1C945B1F29FB0D4A0085FA2F /* CoinIdentifierResponse.swift */ = {isa = PBXFileReference; lastKnownFileType = sourcecode.swift; path = CoinIdentifierResponse.swift; sourceTree = "<group>"; };
		1C945B2129FB0D680085FA2F /* CoinIdentifier.swift */ = {isa = PBXFileReference; lastKnownFileType = sourcecode.swift; path = CoinIdentifier.swift; sourceTree = "<group>"; };
		1CA3D39A28D3C847009D43E9 /* CoinsService.swift */ = {isa = PBXFileReference; lastKnownFileType = sourcecode.swift; path = CoinsService.swift; sourceTree = "<group>"; };
		1CA3D39C28D3C850009D43E9 /* CoinsServiceProtocol.swift */ = {isa = PBXFileReference; lastKnownFileType = sourcecode.swift; path = CoinsServiceProtocol.swift; sourceTree = "<group>"; };
		1CA3D3A028D3CD80009D43E9 /* Coin.swift */ = {isa = PBXFileReference; lastKnownFileType = sourcecode.swift; path = Coin.swift; sourceTree = "<group>"; };
		1CAC0F1A29ED8ABE0098D5B4 /* ComposeUserServiceProtocol.swift */ = {isa = PBXFileReference; lastKnownFileType = sourcecode.swift; path = ComposeUserServiceProtocol.swift; sourceTree = "<group>"; };
		1CAC0F1D29ED8ADC0098D5B4 /* ComposeUserCacheDataManager.swift */ = {isa = PBXFileReference; lastKnownFileType = sourcecode.swift; path = ComposeUserCacheDataManager.swift; sourceTree = "<group>"; };
		1CAC0F1F29ED8AF50098D5B4 /* ComposeUserCacheDataManagerProtocol.swift */ = {isa = PBXFileReference; lastKnownFileType = sourcecode.swift; path = ComposeUserCacheDataManagerProtocol.swift; sourceTree = "<group>"; };
		1CB0B4EC293FF3FA00C874C4 /* ExternalLinkBuilder.swift */ = {isa = PBXFileReference; lastKnownFileType = sourcecode.swift; path = ExternalLinkBuilder.swift; sourceTree = "<group>"; };
		1CB234F929F887F9001D98BF /* WalletResponse.swift */ = {isa = PBXFileReference; lastKnownFileType = sourcecode.swift; path = WalletResponse.swift; sourceTree = "<group>"; };
		1CB234FB29F8881F001D98BF /* Wallet.swift */ = {isa = PBXFileReference; lastKnownFileType = sourcecode.swift; path = Wallet.swift; sourceTree = "<group>"; };
		1CB3353D29EC2C7A003D08EB /* APIDataManager.swift */ = {isa = PBXFileReference; lastKnownFileType = sourcecode.swift; path = APIDataManager.swift; sourceTree = "<group>"; };
		1CC178F328E63BDA00550D3B /* CoinResponse.swift */ = {isa = PBXFileReference; lastKnownFileType = sourcecode.swift; path = CoinResponse.swift; sourceTree = "<group>"; };
		1CC178F628E6463900550D3B /* CoinChartDataResponse.swift */ = {isa = PBXFileReference; lastKnownFileType = sourcecode.swift; path = CoinChartDataResponse.swift; sourceTree = "<group>"; };
		1CC2B5B029F9C5E100C26190 /* AppPropertiesDataManager.swift */ = {isa = PBXFileReference; lastKnownFileType = sourcecode.swift; path = AppPropertiesDataManager.swift; sourceTree = "<group>"; };
		1CC2B5B329F9C69100C26190 /* AppPropertyCodable.swift */ = {isa = PBXFileReference; lastKnownFileType = sourcecode.swift; path = AppPropertyCodable.swift; sourceTree = "<group>"; };
		1CC2B5B629F9C6D300C26190 /* User+AppPropertyCodable.swift */ = {isa = PBXFileReference; lastKnownFileType = sourcecode.swift; path = "User+AppPropertyCodable.swift"; sourceTree = "<group>"; };
		1CC6EAC72A3DB338008B3314 /* APIError.swift */ = {isa = PBXFileReference; lastKnownFileType = sourcecode.swift; path = APIError.swift; sourceTree = "<group>"; };
		1CD2581929F8804400EE96DD /* WalletsServiceProtocol.swift */ = {isa = PBXFileReference; lastKnownFileType = sourcecode.swift; path = WalletsServiceProtocol.swift; sourceTree = "<group>"; };
		1CD2581B29F8804B00EE96DD /* WalletsService.swift */ = {isa = PBXFileReference; lastKnownFileType = sourcecode.swift; path = WalletsService.swift; sourceTree = "<group>"; };
		1CD2581E29F8807500EE96DD /* WalletsAPIDataManager.swift */ = {isa = PBXFileReference; lastKnownFileType = sourcecode.swift; path = WalletsAPIDataManager.swift; sourceTree = "<group>"; };
		1CD2582029F8807800EE96DD /* WalletsAPIDataManagerProtocol.swift */ = {isa = PBXFileReference; lastKnownFileType = sourcecode.swift; path = WalletsAPIDataManagerProtocol.swift; sourceTree = "<group>"; };
		1CD2582329F880B700EE96DD /* WalletsCacheDataManager.swift */ = {isa = PBXFileReference; lastKnownFileType = sourcecode.swift; path = WalletsCacheDataManager.swift; sourceTree = "<group>"; };
		1CD2582529F880BA00EE96DD /* WalletsCacheDataManagerProtocol.swift */ = {isa = PBXFileReference; lastKnownFileType = sourcecode.swift; path = WalletsCacheDataManagerProtocol.swift; sourceTree = "<group>"; };
		1CD695AD28CFBF8C007AE077 /* Core.framework */ = {isa = PBXFileReference; explicitFileType = wrapper.framework; includeInIndex = 0; path = Core.framework; sourceTree = BUILT_PRODUCTS_DIR; };
		1CD695B028CFBF8C007AE077 /* Core.h */ = {isa = PBXFileReference; lastKnownFileType = sourcecode.c.h; path = Core.h; sourceTree = "<group>"; };
		1CE2AE6428F2C7A000642D00 /* SearchResult.swift */ = {isa = PBXFileReference; lastKnownFileType = sourcecode.swift; path = SearchResult.swift; sourceTree = "<group>"; };
		1CE2AE6628F3333000642D00 /* CoinDetails.swift */ = {isa = PBXFileReference; lastKnownFileType = sourcecode.swift; path = CoinDetails.swift; sourceTree = "<group>"; };
		1CE2AE6828F3333D00642D00 /* CoinDetailsResponse.swift */ = {isa = PBXFileReference; lastKnownFileType = sourcecode.swift; path = CoinDetailsResponse.swift; sourceTree = "<group>"; };
		1CFD91FC291285120010172D /* CoinsCacheDataManager.swift */ = {isa = PBXFileReference; lastKnownFileType = sourcecode.swift; path = CoinsCacheDataManager.swift; sourceTree = "<group>"; };
		1CFD91FE291285210010172D /* CoinsCacheDataManagerProtocol.swift */ = {isa = PBXFileReference; lastKnownFileType = sourcecode.swift; path = CoinsCacheDataManagerProtocol.swift; sourceTree = "<group>"; };
		2C8B2BF1CDE9E49C0B08AA38 /* Pods_Core.framework */ = {isa = PBXFileReference; explicitFileType = wrapper.framework; includeInIndex = 0; path = Pods_Core.framework; sourceTree = BUILT_PRODUCTS_DIR; };
		62353CAB1E1CA198558D2520 /* Pods-Core.debug.xcconfig */ = {isa = PBXFileReference; includeInIndex = 1; lastKnownFileType = text.xcconfig; name = "Pods-Core.debug.xcconfig"; path = "Target Support Files/Pods-Core/Pods-Core.debug.xcconfig"; sourceTree = "<group>"; };
		8CDDF5390D1400EA9811ABB9 /* Pods-Core.release.xcconfig */ = {isa = PBXFileReference; includeInIndex = 1; lastKnownFileType = text.xcconfig; name = "Pods-Core.release.xcconfig"; path = "Target Support Files/Pods-Core/Pods-Core.release.xcconfig"; sourceTree = "<group>"; };
/* End PBXFileReference section */

/* Begin PBXFrameworksBuildPhase section */
		1CD695AA28CFBF8C007AE077 /* Frameworks */ = {
			isa = PBXFrameworksBuildPhase;
			buildActionMask = 2147483647;
			files = (
				1C57B50D28D5E9B600E91F7C /* Utils.framework in Frameworks */,
				0CDD5C6D191386F9E9337121 /* Pods_Core.framework in Frameworks */,
			);
			runOnlyForDeploymentPostprocessing = 0;
		};
/* End PBXFrameworksBuildPhase section */

/* Begin PBXGroup section */
		1C01EDBF29EEA16E0088AEE7 /* UsersAPIDataManager */ = {
			isa = PBXGroup;
			children = (
				1C01EDC029EEA1860088AEE7 /* UsersAPIDataManagerProtocol.swift */,
				1C01EDC229EEA18A0088AEE7 /* UsersAPIDataManager.swift */,
			);
			path = UsersAPIDataManager;
			sourceTree = "<group>";
		};
		1C05EE3C29F68D8400A9306C /* Auth */ = {
			isa = PBXGroup;
			children = (
				1C05EE3D29F68D8C00A9306C /* AuthServiceProtocol.swift */,
				1C05EE3F29F68D9200A9306C /* AuthService.swift */,
			);
			path = Auth;
			sourceTree = "<group>";
		};
		1C05EE4129F68E0200A9306C /* Auth */ = {
			isa = PBXGroup;
			children = (
				1C05EE4429F68E1100A9306C /* AuthAPIDataManagerProtocol.swift */,
				1C05EE4229F68E0E00A9306C /* AuthAPIDataManager.swift */,
			);
			name = Auth;
			sourceTree = "<group>";
		};
		1C05EE4629F68E7C00A9306C /* Users */ = {
			isa = PBXGroup;
			children = (
				1C05EE4929F68E8B00A9306C /* UsersCacheDataManagerProtocol.swift */,
				1C05EE4729F68E8700A9306C /* UsersCacheDataManager.swift */,
			);
			path = Users;
			sourceTree = "<group>";
		};
		1C289BAF29F5571B005A231C /* ComposePost */ = {
			isa = PBXGroup;
			children = (
				1C289BB229F55729005A231C /* ComposePostServiceProtocol.swift */,
				1C289BB029F55725005A231C /* ComposePostService.swift */,
			);
			path = ComposePost;
			sourceTree = "<group>";
		};
		1C289BB429F58480005A231C /* ComposePost */ = {
			isa = PBXGroup;
			children = (
				1C289BB729F58498005A231C /* ComposePostCacheDataManagerProtocol.swift */,
				1C289BB529F58493005A231C /* ComposePostCacheDataManager.swift */,
			);
			path = ComposePost;
			sourceTree = "<group>";
		};
		1C289BB929F584AC005A231C /* PostsAPIDataManager */ = {
			isa = PBXGroup;
			children = (
				1C289BBA29F584BF005A231C /* PostsAPIDataManagerProtocol.swift */,
				1C289BBC29F584C2005A231C /* PostsAPIDataManager.swift */,
			);
			path = PostsAPIDataManager;
			sourceTree = "<group>";
		};
		1C289BC429F59F42005A231C /* Posts */ = {
			isa = PBXGroup;
			children = (
				1C289BC529F59F6A005A231C /* PostsCacheDataManager.swift */,
				1C289BC729F59F6E005A231C /* PostsCacheDataManagerProtocol.swift */,
			);
			path = Posts;
			sourceTree = "<group>";
		};
		1C289BC929F59FFE005A231C /* Posts */ = {
			isa = PBXGroup;
			children = (
				1C289BCC29F5A00E005A231C /* PostsServiceProtocol.swift */,
				1C289BCA29F5A007005A231C /* PostsService.swift */,
			);
			path = Posts;
			sourceTree = "<group>";
		};
		1C2EF9AD29F8766900052211 /* Users */ = {
			isa = PBXGroup;
			children = (
				1C2EF9B029F8769200052211 /* UsersServiceProtocol.swift */,
				1C2EF9AE29F8768D00052211 /* UsersService.swift */,
			);
			path = Users;
			sourceTree = "<group>";
		};
		1C57B4F828D5E43800E91F7C /* API */ = {
			isa = PBXGroup;
			children = (
				1C60D9F728E8C68500B675DA /* APIHelpers.swift */,
				1C60DA0C28E8E64000B675DA /* APIResponse.swift */,
				1C60D9F928E8C6B200B675DA /* RequestDescription */,
				1C60D9FA28E8C6C100B675DA /* ParametersProvider */,
			);
			path = API;
			sourceTree = "<group>";
		};
		1C57B4FA28D5E47700E91F7C /* DataManagers */ = {
			isa = PBXGroup;
			children = (
				1C60DA0A28E8E45400B675DA /* API */,
				1C60DA0B28E8E45800B675DA /* Cache */,
				1CC329B529F0708F0061EB04 /* Other */,
			);
			path = DataManagers;
			sourceTree = "<group>";
		};
		1C590F3B29EC96BF00D700D1 /* ComposeUser */ = {
			isa = PBXGroup;
			children = (
				1CAC0F1A29ED8ABE0098D5B4 /* ComposeUserServiceProtocol.swift */,
				1C590F3C29EC96D800D700D1 /* ComposeUserService.swift */,
			);
			path = ComposeUser;
			sourceTree = "<group>";
		};
		1C60D9F928E8C6B200B675DA /* RequestDescription */ = {
			isa = PBXGroup;
			children = (
				1C60D9FE28E8C71200B675DA /* RequestDescriptions.swift */,
				1C60D9FC28E8C70A00B675DA /* RequestDescription.swift */,
			);
			path = RequestDescription;
			sourceTree = "<group>";
		};
		1C60D9FA28E8C6C100B675DA /* ParametersProvider */ = {
			isa = PBXGroup;
			children = (
				1C60DA0228E8C72F00B675DA /* ParametersProviders.swift */,
				1C60DA0028E8C72700B675DA /* ParametersProvider.swift */,
			);
			path = ParametersProvider;
			sourceTree = "<group>";
		};
		1C60DA0A28E8E45400B675DA /* API */ = {
			isa = PBXGroup;
			children = (
				1CB3353D29EC2C7A003D08EB /* APIDataManager.swift */,
				1CD2581D29F8806000EE96DD /* Wallets */,
				1C05EE4129F68E0200A9306C /* Auth */,
				1C289BB929F584AC005A231C /* PostsAPIDataManager */,
				1C01EDBF29EEA16E0088AEE7 /* UsersAPIDataManager */,
				1C72009C28D70E7C001DDBD5 /* Coins */,
			);
			path = API;
			sourceTree = "<group>";
		};
		1C60DA0B28E8E45800B675DA /* Cache */ = {
			isa = PBXGroup;
			children = (
				1CD2582229F880AD00EE96DD /* Wallets */,
				1C05EE4629F68E7C00A9306C /* Users */,
				1C289BC429F59F42005A231C /* Posts */,
				1C289BB429F58480005A231C /* ComposePost */,
				1CAC0F1C29ED8ACE0098D5B4 /* ComposeUser */,
				1CFD91FB291285030010172D /* Coins */,
			);
			path = Cache;
			sourceTree = "<group>";
		};
		1C72009C28D70E7C001DDBD5 /* Coins */ = {
			isa = PBXGroup;
			children = (
				1C72009D28D70E9D001DDBD5 /* CoinsAPIDataManagerProtocol.swift */,
				1C2A63D828D5FA1F0007877D /* CoinsAPIDataManager.swift */,
			);
			path = Coins;
			sourceTree = "<group>";
		};
		1CA3D39728D3C803009D43E9 /* Models */ = {
			isa = PBXGroup;
			children = (
				1CC2B5B529F9C6C400C26190 /* AppPropertyCodable */,
				1CA3D3A028D3CD80009D43E9 /* Coin.swift */,
				1CE2AE6628F3333000642D00 /* CoinDetails.swift */,
				1C4287A328E07DFD00273979 /* CoinChartData.swift */,
				1C3F8AE228ECD92D00E04740 /* GlobalData.swift */,
				1CE2AE6428F2C7A000642D00 /* SearchResult.swift */,
				1C872DD029F3DEDC00F6D83F /* User.swift */,
				1C289BC029F5892E005A231C /* Post.swift */,
				1CB234FB29F8881F001D98BF /* Wallet.swift */,
				1C945B2129FB0D680085FA2F /* CoinIdentifier.swift */,
			);
			path = Models;
			sourceTree = "<group>";
		};
		1CA3D39828D3C807009D43E9 /* Services */ = {
			isa = PBXGroup;
			children = (
				1CD2581829F8803A00EE96DD /* Wallets */,
				1C2EF9AD29F8766900052211 /* Users */,
				1C05EE3C29F68D8400A9306C /* Auth */,
				1C289BC929F59FFE005A231C /* Posts */,
				1C289BAF29F5571B005A231C /* ComposePost */,
				1C590F3B29EC96BF00D700D1 /* ComposeUser */,
				1CA3D39928D3C835009D43E9 /* Coins */,
			);
			path = Services;
			sourceTree = "<group>";
		};
		1CA3D39928D3C835009D43E9 /* Coins */ = {
			isa = PBXGroup;
			children = (
				1CA3D39C28D3C850009D43E9 /* CoinsServiceProtocol.swift */,
				1CA3D39A28D3C847009D43E9 /* CoinsService.swift */,
			);
			path = Coins;
			sourceTree = "<group>";
		};
		1CAC0F1C29ED8ACE0098D5B4 /* ComposeUser */ = {
			isa = PBXGroup;
			children = (
				1CAC0F1F29ED8AF50098D5B4 /* ComposeUserCacheDataManagerProtocol.swift */,
				1CAC0F1D29ED8ADC0098D5B4 /* ComposeUserCacheDataManager.swift */,
			);
			path = ComposeUser;
			sourceTree = "<group>";
		};
		1CB0B4EB293FF3EE00C874C4 /* ExternalLinkBuilder */ = {
			isa = PBXGroup;
			children = (
				1CB0B4EC293FF3FA00C874C4 /* ExternalLinkBuilder.swift */,
			);
			path = ExternalLinkBuilder;
			sourceTree = "<group>";
		};
		1CC178F528E63C2500550D3B /* Responces */ = {
			isa = PBXGroup;
			children = (
				1CC178F328E63BDA00550D3B /* CoinResponse.swift */,
				1CE2AE6828F3333D00642D00 /* CoinDetailsResponse.swift */,
				1CC178F628E6463900550D3B /* CoinChartDataResponse.swift */,
				1C3F8AE028ECD75A00E04740 /* GlobalDataResponse.swift */,
				1C12DD5128F238F900E7D91E /* SearchResponse.swift */,
				1C01EDC429EEAAA00088AEE7 /* UserResponse.swift */,
				1C289BBE29F588EF005A231C /* PostResponse.swift */,
				1CB234F929F887F9001D98BF /* WalletResponse.swift */,
				1C945B1F29FB0D4A0085FA2F /* CoinIdentifierResponse.swift */,
			);
			path = Responces;
			sourceTree = "<group>";
		};
		1CC2B5B229F9C68000C26190 /* AppPropertiesDataManager */ = {
			isa = PBXGroup;
			children = (
				1CC2B5B029F9C5E100C26190 /* AppPropertiesDataManager.swift */,
				1CC2B5B329F9C69100C26190 /* AppPropertyCodable.swift */,
			);
			path = AppPropertiesDataManager;
			sourceTree = "<group>";
		};
		1CC2B5B529F9C6C400C26190 /* AppPropertyCodable */ = {
			isa = PBXGroup;
			children = (
				1CC2B5B629F9C6D300C26190 /* User+AppPropertyCodable.swift */,
			);
			path = AppPropertyCodable;
			sourceTree = "<group>";
		};
		1CC329B529F0708F0061EB04 /* Other */ = {
			isa = PBXGroup;
			children = (
				1CC2B5B229F9C68000C26190 /* AppPropertiesDataManager */,
			);
			path = Other;
			sourceTree = "<group>";
		};
		1CC6EAC62A3DB326008B3314 /* Errors */ = {
			isa = PBXGroup;
			children = (
				1CC6EAC72A3DB338008B3314 /* APIError.swift */,
				1C32DA602A3DD8EC0030C8F2 /* ServiceError.swift */,
				1C32DA622A3DE86F0030C8F2 /* FirebaseError.swift */,
			);
			path = Errors;
			sourceTree = "<group>";
		};
		1CD2581829F8803A00EE96DD /* Wallets */ = {
			isa = PBXGroup;
			children = (
				1CD2581929F8804400EE96DD /* WalletsServiceProtocol.swift */,
				1CD2581B29F8804B00EE96DD /* WalletsService.swift */,
			);
			path = Wallets;
			sourceTree = "<group>";
		};
		1CD2581D29F8806000EE96DD /* Wallets */ = {
			isa = PBXGroup;
			children = (
				1CD2582029F8807800EE96DD /* WalletsAPIDataManagerProtocol.swift */,
				1CD2581E29F8807500EE96DD /* WalletsAPIDataManager.swift */,
			);
			path = Wallets;
			sourceTree = "<group>";
		};
		1CD2582229F880AD00EE96DD /* Wallets */ = {
			isa = PBXGroup;
			children = (
				1CD2582529F880BA00EE96DD /* WalletsCacheDataManagerProtocol.swift */,
				1CD2582329F880B700EE96DD /* WalletsCacheDataManager.swift */,
			);
			path = Wallets;
			sourceTree = "<group>";
		};
		1CD695A328CFBF8C007AE077 = {
			isa = PBXGroup;
			children = (
				1CD695AF28CFBF8C007AE077 /* Core */,
				1CD695AE28CFBF8C007AE077 /* Products */,
				A1AF8F122E2D77EC90CBDB0A /* Pods */,
				3B6491F9281145563AE6E63E /* Frameworks */,
			);
			sourceTree = "<group>";
		};
		1CD695AE28CFBF8C007AE077 /* Products */ = {
			isa = PBXGroup;
			children = (
				1CD695AD28CFBF8C007AE077 /* Core.framework */,
			);
			name = Products;
			sourceTree = "<group>";
		};
		1CD695AF28CFBF8C007AE077 /* Core */ = {
			isa = PBXGroup;
			children = (
				1CDCB2C328D122AE00624AB5 /* Classes */,
				1CD695B028CFBF8C007AE077 /* Core.h */,
			);
			path = Core;
			sourceTree = "<group>";
		};
		1CDCB2C328D122AE00624AB5 /* Classes */ = {
			isa = PBXGroup;
			children = (
				1CC6EAC62A3DB326008B3314 /* Errors */,
				1CB0B4EB293FF3EE00C874C4 /* ExternalLinkBuilder */,
				1CA3D39728D3C803009D43E9 /* Models */,
				1CC178F528E63C2500550D3B /* Responces */,
				1C57B4F828D5E43800E91F7C /* API */,
				1CA3D39828D3C807009D43E9 /* Services */,
				1C57B4FA28D5E47700E91F7C /* DataManagers */,
			);
			path = Classes;
			sourceTree = "<group>";
		};
		1CFD91FB291285030010172D /* Coins */ = {
			isa = PBXGroup;
			children = (
				1CFD91FE291285210010172D /* CoinsCacheDataManagerProtocol.swift */,
				1CFD91FC291285120010172D /* CoinsCacheDataManager.swift */,
			);
			path = Coins;
			sourceTree = "<group>";
		};
		3B6491F9281145563AE6E63E /* Frameworks */ = {
			isa = PBXGroup;
			children = (
				1C57B50C28D5E9B600E91F7C /* Utils.framework */,
				2C8B2BF1CDE9E49C0B08AA38 /* Pods_Core.framework */,
			);
			name = Frameworks;
			sourceTree = "<group>";
		};
		A1AF8F122E2D77EC90CBDB0A /* Pods */ = {
			isa = PBXGroup;
			children = (
				62353CAB1E1CA198558D2520 /* Pods-Core.debug.xcconfig */,
				8CDDF5390D1400EA9811ABB9 /* Pods-Core.release.xcconfig */,
			);
			name = Pods;
			path = ../Pods;
			sourceTree = "<group>";
		};
/* End PBXGroup section */

/* Begin PBXHeadersBuildPhase section */
		1CD695A828CFBF8C007AE077 /* Headers */ = {
			isa = PBXHeadersBuildPhase;
			buildActionMask = 2147483647;
			files = (
				1CD695B128CFBF8C007AE077 /* Core.h in Headers */,
			);
			runOnlyForDeploymentPostprocessing = 0;
		};
/* End PBXHeadersBuildPhase section */

/* Begin PBXNativeTarget section */
		1CD695AC28CFBF8C007AE077 /* Core */ = {
			isa = PBXNativeTarget;
			buildConfigurationList = 1CD695B428CFBF8C007AE077 /* Build configuration list for PBXNativeTarget "Core" */;
			buildPhases = (
				36A20DDB4B9A08AC47C4AC47 /* [CP] Check Pods Manifest.lock */,
				1CD695A828CFBF8C007AE077 /* Headers */,
				1CD695A928CFBF8C007AE077 /* Sources */,
				1CD695AA28CFBF8C007AE077 /* Frameworks */,
				1CD695AB28CFBF8C007AE077 /* Resources */,
				1C57B50F28D5E9B600E91F7C /* Embed Frameworks */,
			);
			buildRules = (
			);
			dependencies = (
			);
			name = Core;
			productName = Core;
			productReference = 1CD695AD28CFBF8C007AE077 /* Core.framework */;
			productType = "com.apple.product-type.framework";
		};
/* End PBXNativeTarget section */

/* Begin PBXProject section */
		1CD695A428CFBF8C007AE077 /* Project object */ = {
			isa = PBXProject;
			attributes = {
				BuildIndependentTargetsInParallel = 1;
				LastUpgradeCheck = 1330;
				ORGANIZATIONNAME = BSUIR;
				TargetAttributes = {
					1CD695AC28CFBF8C007AE077 = {
						CreatedOnToolsVersion = 13.3.1;
						LastSwiftMigration = 1330;
					};
				};
			};
			buildConfigurationList = 1CD695A728CFBF8C007AE077 /* Build configuration list for PBXProject "Core" */;
			compatibilityVersion = "Xcode 13.0";
			developmentRegion = en;
			hasScannedForEncodings = 0;
			knownRegions = (
				en,
				Base,
			);
			mainGroup = 1CD695A328CFBF8C007AE077;
			productRefGroup = 1CD695AE28CFBF8C007AE077 /* Products */;
			projectDirPath = "";
			projectRoot = "";
			targets = (
				1CD695AC28CFBF8C007AE077 /* Core */,
			);
		};
/* End PBXProject section */

/* Begin PBXResourcesBuildPhase section */
		1CD695AB28CFBF8C007AE077 /* Resources */ = {
			isa = PBXResourcesBuildPhase;
			buildActionMask = 2147483647;
			files = (
			);
			runOnlyForDeploymentPostprocessing = 0;
		};
/* End PBXResourcesBuildPhase section */

/* Begin PBXShellScriptBuildPhase section */
		36A20DDB4B9A08AC47C4AC47 /* [CP] Check Pods Manifest.lock */ = {
			isa = PBXShellScriptBuildPhase;
			buildActionMask = 2147483647;
			files = (
			);
			inputFileListPaths = (
			);
			inputPaths = (
				"${PODS_PODFILE_DIR_PATH}/Podfile.lock",
				"${PODS_ROOT}/Manifest.lock",
			);
			name = "[CP] Check Pods Manifest.lock";
			outputFileListPaths = (
			);
			outputPaths = (
				"$(DERIVED_FILE_DIR)/Pods-Core-checkManifestLockResult.txt",
			);
			runOnlyForDeploymentPostprocessing = 0;
			shellPath = /bin/sh;
			shellScript = "diff \"${PODS_PODFILE_DIR_PATH}/Podfile.lock\" \"${PODS_ROOT}/Manifest.lock\" > /dev/null\nif [ $? != 0 ] ; then\n    # print error to STDERR\n    echo \"error: The sandbox is not in sync with the Podfile.lock. Run 'pod install' or update your CocoaPods installation.\" >&2\n    exit 1\nfi\n# This output is used by Xcode 'outputs' to avoid re-running this script phase.\necho \"SUCCESS\" > \"${SCRIPT_OUTPUT_FILE_0}\"\n";
			showEnvVarsInLog = 0;
		};
/* End PBXShellScriptBuildPhase section */

/* Begin PBXSourcesBuildPhase section */
		1CD695A928CFBF8C007AE077 /* Sources */ = {
			isa = PBXSourcesBuildPhase;
			buildActionMask = 2147483647;
			files = (
				1CE2AE6528F2C7A000642D00 /* SearchResult.swift in Sources */,
				1CD2582429F880B700EE96DD /* WalletsCacheDataManager.swift in Sources */,
				1CC2B5B129F9C5E100C26190 /* AppPropertiesDataManager.swift in Sources */,
				1C289BB629F58493005A231C /* ComposePostCacheDataManager.swift in Sources */,
				1C60DA0128E8C72700B675DA /* ParametersProvider.swift in Sources */,
				1CB234FA29F887F9001D98BF /* WalletResponse.swift in Sources */,
				1CA3D39B28D3C847009D43E9 /* CoinsService.swift in Sources */,
				1CD2581C29F8804B00EE96DD /* WalletsService.swift in Sources */,
				1C2A63D928D5FA1F0007877D /* CoinsAPIDataManager.swift in Sources */,
				1C01EDC529EEAAA00088AEE7 /* UserResponse.swift in Sources */,
				1C05EE4529F68E1100A9306C /* AuthAPIDataManagerProtocol.swift in Sources */,
				1C2EF9AF29F8768D00052211 /* UsersService.swift in Sources */,
				1CD2581A29F8804400EE96DD /* WalletsServiceProtocol.swift in Sources */,
				1C4287A428E07DFD00273979 /* CoinChartData.swift in Sources */,
				1C05EE4029F68D9200A9306C /* AuthService.swift in Sources */,
				1C289BCD29F5A00E005A231C /* PostsServiceProtocol.swift in Sources */,
				1C60D9F828E8C68500B675DA /* APIHelpers.swift in Sources */,
				1CFD91FF291285210010172D /* CoinsCacheDataManagerProtocol.swift in Sources */,
				1C3F8AE328ECD92D00E04740 /* GlobalData.swift in Sources */,
				1C72009E28D70E9D001DDBD5 /* CoinsAPIDataManagerProtocol.swift in Sources */,
				1CE2AE6928F3333D00642D00 /* CoinDetailsResponse.swift in Sources */,
				1C60DA0328E8C72F00B675DA /* ParametersProviders.swift in Sources */,
				1C289BBB29F584BF005A231C /* PostsAPIDataManagerProtocol.swift in Sources */,
				1C2EF9B129F8769200052211 /* UsersServiceProtocol.swift in Sources */,
				1C60D9FF28E8C71200B675DA /* RequestDescriptions.swift in Sources */,
				1CB3353E29EC2C7A003D08EB /* APIDataManager.swift in Sources */,
				1CAC0F1E29ED8ADC0098D5B4 /* ComposeUserCacheDataManager.swift in Sources */,
				1C872DD129F3DEDC00F6D83F /* User.swift in Sources */,
				1C289BB329F55729005A231C /* ComposePostServiceProtocol.swift in Sources */,
				1CB0B4ED293FF3FA00C874C4 /* ExternalLinkBuilder.swift in Sources */,
				1CC178F428E63BDA00550D3B /* CoinResponse.swift in Sources */,
				1C289BCB29F5A007005A231C /* PostsService.swift in Sources */,
				1C289BB129F55725005A231C /* ComposePostService.swift in Sources */,
				1CAC0F1B29ED8ABE0098D5B4 /* ComposeUserServiceProtocol.swift in Sources */,
				1CAC0F2029ED8AF50098D5B4 /* ComposeUserCacheDataManagerProtocol.swift in Sources */,
				1CC2B5B429F9C69100C26190 /* AppPropertyCodable.swift in Sources */,
				1C32DA612A3DD8EC0030C8F2 /* ServiceError.swift in Sources */,
				1C289BC629F59F6A005A231C /* PostsCacheDataManager.swift in Sources */,
				1CC6EAC82A3DB338008B3314 /* APIError.swift in Sources */,
				1CC2B5B729F9C6D300C26190 /* User+AppPropertyCodable.swift in Sources */,
				1CD2582129F8807800EE96DD /* WalletsAPIDataManagerProtocol.swift in Sources */,
				1CD2582629F880BA00EE96DD /* WalletsCacheDataManagerProtocol.swift in Sources */,
				1C289BBF29F588EF005A231C /* PostResponse.swift in Sources */,
				1C289BB829F58498005A231C /* ComposePostCacheDataManagerProtocol.swift in Sources */,
				1C01EDC329EEA18A0088AEE7 /* UsersAPIDataManager.swift in Sources */,
				1C05EE4329F68E0E00A9306C /* AuthAPIDataManager.swift in Sources */,
				1CD2581F29F8807500EE96DD /* WalletsAPIDataManager.swift in Sources */,
				1C3F8AE128ECD75A00E04740 /* GlobalDataResponse.swift in Sources */,
				1C12DD5228F238F900E7D91E /* SearchResponse.swift in Sources */,
				1C32DA632A3DE86F0030C8F2 /* FirebaseError.swift in Sources */,
				1C289BBD29F584C2005A231C /* PostsAPIDataManager.swift in Sources */,
				1C05EE3E29F68D8C00A9306C /* AuthServiceProtocol.swift in Sources */,
				1CB234FC29F8881F001D98BF /* Wallet.swift in Sources */,
				1CFD91FD291285120010172D /* CoinsCacheDataManager.swift in Sources */,
				1C945B2229FB0D680085FA2F /* CoinIdentifier.swift in Sources */,
				1C05EE4829F68E8700A9306C /* UsersCacheDataManager.swift in Sources */,
				1C289BC129F5892E005A231C /* Post.swift in Sources */,
				1CA3D3A128D3CD80009D43E9 /* Coin.swift in Sources */,
				1C05EE4A29F68E8B00A9306C /* UsersCacheDataManagerProtocol.swift in Sources */,
				1C289BC829F59F6E005A231C /* PostsCacheDataManagerProtocol.swift in Sources */,
				1CA3D39D28D3C850009D43E9 /* CoinsServiceProtocol.swift in Sources */,
				1CC178F728E6463900550D3B /* CoinChartDataResponse.swift in Sources */,
				1C945B2029FB0D4A0085FA2F /* CoinIdentifierResponse.swift in Sources */,
				1C60D9FD28E8C70A00B675DA /* RequestDescription.swift in Sources */,
				1C590F3D29EC96D800D700D1 /* ComposeUserService.swift in Sources */,
				1C01EDC129EEA1860088AEE7 /* UsersAPIDataManagerProtocol.swift in Sources */,
				1C60DA0D28E8E64000B675DA /* APIResponse.swift in Sources */,
				1CE2AE6728F3333000642D00 /* CoinDetails.swift in Sources */,
			);
			runOnlyForDeploymentPostprocessing = 0;
		};
/* End PBXSourcesBuildPhase section */

/* Begin XCBuildConfiguration section */
		1CD695B228CFBF8C007AE077 /* Debug */ = {
			isa = XCBuildConfiguration;
			buildSettings = {
				ALWAYS_SEARCH_USER_PATHS = NO;
				CLANG_ANALYZER_NONNULL = YES;
				CLANG_ANALYZER_NUMBER_OBJECT_CONVERSION = YES_AGGRESSIVE;
				CLANG_CXX_LANGUAGE_STANDARD = "gnu++17";
				CLANG_ENABLE_MODULES = YES;
				CLANG_ENABLE_OBJC_ARC = YES;
				CLANG_ENABLE_OBJC_WEAK = YES;
				CLANG_WARN_BLOCK_CAPTURE_AUTORELEASING = YES;
				CLANG_WARN_BOOL_CONVERSION = YES;
				CLANG_WARN_COMMA = YES;
				CLANG_WARN_CONSTANT_CONVERSION = YES;
				CLANG_WARN_DEPRECATED_OBJC_IMPLEMENTATIONS = YES;
				CLANG_WARN_DIRECT_OBJC_ISA_USAGE = YES_ERROR;
				CLANG_WARN_DOCUMENTATION_COMMENTS = YES;
				CLANG_WARN_EMPTY_BODY = YES;
				CLANG_WARN_ENUM_CONVERSION = YES;
				CLANG_WARN_INFINITE_RECURSION = YES;
				CLANG_WARN_INT_CONVERSION = YES;
				CLANG_WARN_NON_LITERAL_NULL_CONVERSION = YES;
				CLANG_WARN_OBJC_IMPLICIT_RETAIN_SELF = YES;
				CLANG_WARN_OBJC_LITERAL_CONVERSION = YES;
				CLANG_WARN_OBJC_ROOT_CLASS = YES_ERROR;
				CLANG_WARN_QUOTED_INCLUDE_IN_FRAMEWORK_HEADER = YES;
				CLANG_WARN_RANGE_LOOP_ANALYSIS = YES;
				CLANG_WARN_STRICT_PROTOTYPES = YES;
				CLANG_WARN_SUSPICIOUS_MOVE = YES;
				CLANG_WARN_UNGUARDED_AVAILABILITY = YES_AGGRESSIVE;
				CLANG_WARN_UNREACHABLE_CODE = YES;
				CLANG_WARN__DUPLICATE_METHOD_MATCH = YES;
				COPY_PHASE_STRIP = NO;
				CURRENT_PROJECT_VERSION = 1;
				DEBUG_INFORMATION_FORMAT = dwarf;
				ENABLE_STRICT_OBJC_MSGSEND = YES;
				ENABLE_TESTABILITY = YES;
				GCC_C_LANGUAGE_STANDARD = gnu11;
				GCC_DYNAMIC_NO_PIC = NO;
				GCC_NO_COMMON_BLOCKS = YES;
				GCC_OPTIMIZATION_LEVEL = 0;
				GCC_PREPROCESSOR_DEFINITIONS = (
					"DEBUG=1",
					"$(inherited)",
				);
				GCC_WARN_64_TO_32_BIT_CONVERSION = YES;
				GCC_WARN_ABOUT_RETURN_TYPE = YES_ERROR;
				GCC_WARN_UNDECLARED_SELECTOR = YES;
				GCC_WARN_UNINITIALIZED_AUTOS = YES_AGGRESSIVE;
				GCC_WARN_UNUSED_FUNCTION = YES;
				GCC_WARN_UNUSED_VARIABLE = YES;
				IPHONEOS_DEPLOYMENT_TARGET = 15.4;
				MTL_ENABLE_DEBUG_INFO = INCLUDE_SOURCE;
				MTL_FAST_MATH = YES;
				ONLY_ACTIVE_ARCH = YES;
				SDKROOT = iphoneos;
				SWIFT_ACTIVE_COMPILATION_CONDITIONS = DEBUG;
				SWIFT_OPTIMIZATION_LEVEL = "-Onone";
				VERSIONING_SYSTEM = "apple-generic";
				VERSION_INFO_PREFIX = "";
			};
			name = Debug;
		};
		1CD695B328CFBF8C007AE077 /* Release */ = {
			isa = XCBuildConfiguration;
			buildSettings = {
				ALWAYS_SEARCH_USER_PATHS = NO;
				CLANG_ANALYZER_NONNULL = YES;
				CLANG_ANALYZER_NUMBER_OBJECT_CONVERSION = YES_AGGRESSIVE;
				CLANG_CXX_LANGUAGE_STANDARD = "gnu++17";
				CLANG_ENABLE_MODULES = YES;
				CLANG_ENABLE_OBJC_ARC = YES;
				CLANG_ENABLE_OBJC_WEAK = YES;
				CLANG_WARN_BLOCK_CAPTURE_AUTORELEASING = YES;
				CLANG_WARN_BOOL_CONVERSION = YES;
				CLANG_WARN_COMMA = YES;
				CLANG_WARN_CONSTANT_CONVERSION = YES;
				CLANG_WARN_DEPRECATED_OBJC_IMPLEMENTATIONS = YES;
				CLANG_WARN_DIRECT_OBJC_ISA_USAGE = YES_ERROR;
				CLANG_WARN_DOCUMENTATION_COMMENTS = YES;
				CLANG_WARN_EMPTY_BODY = YES;
				CLANG_WARN_ENUM_CONVERSION = YES;
				CLANG_WARN_INFINITE_RECURSION = YES;
				CLANG_WARN_INT_CONVERSION = YES;
				CLANG_WARN_NON_LITERAL_NULL_CONVERSION = YES;
				CLANG_WARN_OBJC_IMPLICIT_RETAIN_SELF = YES;
				CLANG_WARN_OBJC_LITERAL_CONVERSION = YES;
				CLANG_WARN_OBJC_ROOT_CLASS = YES_ERROR;
				CLANG_WARN_QUOTED_INCLUDE_IN_FRAMEWORK_HEADER = YES;
				CLANG_WARN_RANGE_LOOP_ANALYSIS = YES;
				CLANG_WARN_STRICT_PROTOTYPES = YES;
				CLANG_WARN_SUSPICIOUS_MOVE = YES;
				CLANG_WARN_UNGUARDED_AVAILABILITY = YES_AGGRESSIVE;
				CLANG_WARN_UNREACHABLE_CODE = YES;
				CLANG_WARN__DUPLICATE_METHOD_MATCH = YES;
				COPY_PHASE_STRIP = NO;
				CURRENT_PROJECT_VERSION = 1;
				DEBUG_INFORMATION_FORMAT = "dwarf-with-dsym";
				ENABLE_NS_ASSERTIONS = NO;
				ENABLE_STRICT_OBJC_MSGSEND = YES;
				GCC_C_LANGUAGE_STANDARD = gnu11;
				GCC_NO_COMMON_BLOCKS = YES;
				GCC_WARN_64_TO_32_BIT_CONVERSION = YES;
				GCC_WARN_ABOUT_RETURN_TYPE = YES_ERROR;
				GCC_WARN_UNDECLARED_SELECTOR = YES;
				GCC_WARN_UNINITIALIZED_AUTOS = YES_AGGRESSIVE;
				GCC_WARN_UNUSED_FUNCTION = YES;
				GCC_WARN_UNUSED_VARIABLE = YES;
				IPHONEOS_DEPLOYMENT_TARGET = 15.4;
				MTL_ENABLE_DEBUG_INFO = NO;
				MTL_FAST_MATH = YES;
				SDKROOT = iphoneos;
				SWIFT_COMPILATION_MODE = wholemodule;
				SWIFT_OPTIMIZATION_LEVEL = "-O";
				VALIDATE_PRODUCT = YES;
				VERSIONING_SYSTEM = "apple-generic";
				VERSION_INFO_PREFIX = "";
			};
			name = Release;
		};
		1CD695B528CFBF8C007AE077 /* Debug */ = {
			isa = XCBuildConfiguration;
			baseConfigurationReference = 62353CAB1E1CA198558D2520 /* Pods-Core.debug.xcconfig */;
			buildSettings = {
				CLANG_ENABLE_MODULES = YES;
				CODE_SIGN_STYLE = Automatic;
				CURRENT_PROJECT_VERSION = 1;
				DEFINES_MODULE = YES;
				DEVELOPMENT_TEAM = FYCQ8AVG67;
				DYLIB_COMPATIBILITY_VERSION = 1;
				DYLIB_CURRENT_VERSION = 1;
				DYLIB_INSTALL_NAME_BASE = "@rpath";
				GENERATE_INFOPLIST_FILE = YES;
				INFOPLIST_KEY_NSHumanReadableCopyright = "";
				INSTALL_PATH = "$(LOCAL_LIBRARY_DIR)/Frameworks";
				LD_RUNPATH_SEARCH_PATHS = (
					"$(inherited)",
					"@executable_path/Frameworks",
					"@loader_path/Frameworks",
				);
				MARKETING_VERSION = 1.0;
				PRODUCT_BUNDLE_IDENTIFIER = com.coingecko.Core;
				PRODUCT_NAME = "$(TARGET_NAME:c99extidentifier)";
				SKIP_INSTALL = YES;
				SWIFT_EMIT_LOC_STRINGS = YES;
				SWIFT_OPTIMIZATION_LEVEL = "-Onone";
				SWIFT_VERSION = 5.0;
				TARGETED_DEVICE_FAMILY = "1,2";
			};
			name = Debug;
		};
		1CD695B628CFBF8C007AE077 /* Release */ = {
			isa = XCBuildConfiguration;
			baseConfigurationReference = 8CDDF5390D1400EA9811ABB9 /* Pods-Core.release.xcconfig */;
			buildSettings = {
				CLANG_ENABLE_MODULES = YES;
				CODE_SIGN_STYLE = Automatic;
				CURRENT_PROJECT_VERSION = 1;
				DEFINES_MODULE = YES;
				DEVELOPMENT_TEAM = FYCQ8AVG67;
				DYLIB_COMPATIBILITY_VERSION = 1;
				DYLIB_CURRENT_VERSION = 1;
				DYLIB_INSTALL_NAME_BASE = "@rpath";
				GENERATE_INFOPLIST_FILE = YES;
				INFOPLIST_KEY_NSHumanReadableCopyright = "";
				INSTALL_PATH = "$(LOCAL_LIBRARY_DIR)/Frameworks";
				LD_RUNPATH_SEARCH_PATHS = (
					"$(inherited)",
					"@executable_path/Frameworks",
					"@loader_path/Frameworks",
				);
				MARKETING_VERSION = 1.0;
				PRODUCT_BUNDLE_IDENTIFIER = com.coingecko.Core;
				PRODUCT_NAME = "$(TARGET_NAME:c99extidentifier)";
				SKIP_INSTALL = YES;
				SWIFT_EMIT_LOC_STRINGS = YES;
				SWIFT_VERSION = 5.0;
				TARGETED_DEVICE_FAMILY = "1,2";
			};
			name = Release;
		};
/* End XCBuildConfiguration section */

/* Begin XCConfigurationList section */
		1CD695A728CFBF8C007AE077 /* Build configuration list for PBXProject "Core" */ = {
			isa = XCConfigurationList;
			buildConfigurations = (
				1CD695B228CFBF8C007AE077 /* Debug */,
				1CD695B328CFBF8C007AE077 /* Release */,
			);
			defaultConfigurationIsVisible = 0;
			defaultConfigurationName = Release;
		};
		1CD695B428CFBF8C007AE077 /* Build configuration list for PBXNativeTarget "Core" */ = {
			isa = XCConfigurationList;
			buildConfigurations = (
				1CD695B528CFBF8C007AE077 /* Debug */,
				1CD695B628CFBF8C007AE077 /* Release */,
			);
			defaultConfigurationIsVisible = 0;
			defaultConfigurationName = Release;
		};
/* End XCConfigurationList section */
	};
	rootObject = 1CD695A428CFBF8C007AE077 /* Project object */;
}
