// !$*UTF8*$!
{
	archiveVersion = 1;
	classes = {
	};
	objectVersion = 55;
	objects = {

/* Begin PBXBuildFile section */
		1C2A63DF28D644C00007877D /* SceneDelegate.swift in Sources */ = {isa = PBXBuildFile; fileRef = 1C2A63DE28D644C00007877D /* SceneDelegate.swift */; };
		1C2A63E328D644F40007877D /* RemoteImageView.swift in Sources */ = {isa = PBXBuildFile; fileRef = 1C2A63E228D644F40007877D /* RemoteImageView.swift */; };
		1C2A63E628D645250007877D /* RemoteImageDownloadable.swift in Sources */ = {isa = PBXBuildFile; fileRef = 1C2A63E528D645250007877D /* RemoteImageDownloadable.swift */; };
		1C2A63EF28D649500007877D /* TitledDescriptionView.swift in Sources */ = {isa = PBXBuildFile; fileRef = 1C2A63EE28D649500007877D /* TitledDescriptionView.swift */; };
		1C2A63F128D6496F0007877D /* TitledDescriptionViewModel.swift in Sources */ = {isa = PBXBuildFile; fileRef = 1C2A63F028D6496F0007877D /* TitledDescriptionViewModel.swift */; };
		1C3F8ADF28ECD39100E04740 /* CoinDetailsInfoScreenPresentable.swift in Sources */ = {isa = PBXBuildFile; fileRef = 1C3F8ADE28ECD39100E04740 /* CoinDetailsInfoScreenPresentable.swift */; };
		1C4287A028E0732100273979 /* ChartView.swift in Sources */ = {isa = PBXBuildFile; fileRef = 1C42879F28E0732100273979 /* ChartView.swift */; };
		1C4287A228E0732600273979 /* ChartViewModel.swift in Sources */ = {isa = PBXBuildFile; fileRef = 1C4287A128E0732600273979 /* ChartViewModel.swift */; };
		1C4287A728E0AFD800273979 /* RangePickerButton.swift in Sources */ = {isa = PBXBuildFile; fileRef = 1C4287A628E0AFD800273979 /* RangePickerButton.swift */; };
		1C4287AA28E0B0C300273979 /* RangePickerButtonViewModel.swift in Sources */ = {isa = PBXBuildFile; fileRef = 1C4287A928E0B0C300273979 /* RangePickerButtonViewModel.swift */; };
		1C60D9EC28E8853500B675DA /* MarketsCoordinator.swift in Sources */ = {isa = PBXBuildFile; fileRef = 1C60D9EB28E8853500B675DA /* MarketsCoordinator.swift */; };
		1C60D9F228E8A3EA00B675DA /* MarketsViewController.swift in Sources */ = {isa = PBXBuildFile; fileRef = 1C60D9F128E8A3EA00B675DA /* MarketsViewController.swift */; };
		1C60D9F428E8A3F600B675DA /* MarketsViewModel.swift in Sources */ = {isa = PBXBuildFile; fileRef = 1C60D9F328E8A3F600B675DA /* MarketsViewModel.swift */; };
		1C60D9F628E8A4C900B675DA /* MarketsAssembly.swift in Sources */ = {isa = PBXBuildFile; fileRef = 1C60D9F528E8A4C900B675DA /* MarketsAssembly.swift */; };
		1C7200A328D71411001DDBD5 /* InteractorsAssembly.swift in Sources */ = {isa = PBXBuildFile; fileRef = 1C7200A228D71411001DDBD5 /* InteractorsAssembly.swift */; };
		1C7200A628D714A7001DDBD5 /* APIDataManagerAssembly.swift in Sources */ = {isa = PBXBuildFile; fileRef = 1C7200A528D714A7001DDBD5 /* APIDataManagerAssembly.swift */; };
		1C7200A828D714AF001DDBD5 /* CacheDataManagerAssembly.swift in Sources */ = {isa = PBXBuildFile; fileRef = 1C7200A728D714AF001DDBD5 /* CacheDataManagerAssembly.swift */; };
		1C7200B828D77FB3001DDBD5 /* CoinDetailsViewController.swift in Sources */ = {isa = PBXBuildFile; fileRef = 1C7200B728D77FB3001DDBD5 /* CoinDetailsViewController.swift */; };
		1C7200BA28D77FED001DDBD5 /* CoinDetailsViewModel.swift in Sources */ = {isa = PBXBuildFile; fileRef = 1C7200B928D77FED001DDBD5 /* CoinDetailsViewModel.swift */; };
		1C7200BD28D7860A001DDBD5 /* CoinDetailsNavigationBarView.swift in Sources */ = {isa = PBXBuildFile; fileRef = 1C7200BC28D7860A001DDBD5 /* CoinDetailsNavigationBarView.swift */; };
		1C7200BF28D78619001DDBD5 /* CoinDetailsNavigationBarViewModel.swift in Sources */ = {isa = PBXBuildFile; fileRef = 1C7200BE28D78619001DDBD5 /* CoinDetailsNavigationBarViewModel.swift */; };
		1C7CD4F628D2743C00068965 /* CoinsListViewController.swift in Sources */ = {isa = PBXBuildFile; fileRef = 1C7CD4F528D2743C00068965 /* CoinsListViewController.swift */; };
		1C7CD4F828D2744300068965 /* CoinsListViewModel.swift in Sources */ = {isa = PBXBuildFile; fileRef = 1C7CD4F728D2744300068965 /* CoinsListViewModel.swift */; };
		1C97B9D128EA2E3C0085C979 /* PageButton.swift in Sources */ = {isa = PBXBuildFile; fileRef = 1C97B9D028EA2E3C0085C979 /* PageButton.swift */; };
		1C97B9D328EA2E460085C979 /* PageButtonViewModel.swift in Sources */ = {isa = PBXBuildFile; fileRef = 1C97B9D228EA2E460085C979 /* PageButtonViewModel.swift */; };
		1C97B9D728EA32550085C979 /* PageButtonsCollectionView.swift in Sources */ = {isa = PBXBuildFile; fileRef = 1C97B9D628EA32550085C979 /* PageButtonsCollectionView.swift */; };
		1C97B9D928EA325F0085C979 /* PageButtonsCollectionViewModel.swift in Sources */ = {isa = PBXBuildFile; fileRef = 1C97B9D828EA325F0085C979 /* PageButtonsCollectionViewModel.swift */; };
		1CA3D3A628D3CFA7009D43E9 /* CoinCell.swift in Sources */ = {isa = PBXBuildFile; fileRef = 1CA3D3A528D3CFA7009D43E9 /* CoinCell.swift */; };
		1CA3D3A828D3CFAF009D43E9 /* CoinCellViewModel.swift in Sources */ = {isa = PBXBuildFile; fileRef = 1CA3D3A728D3CFAF009D43E9 /* CoinCellViewModel.swift */; };
		1CD6959728CFBDA7007AE077 /* Assets.xcassets in Resources */ = {isa = PBXBuildFile; fileRef = 1CD6959628CFBDA7007AE077 /* Assets.xcassets */; };
		1CD6959A28CFBDA7007AE077 /* LaunchScreen.storyboard in Resources */ = {isa = PBXBuildFile; fileRef = 1CD6959828CFBDA7007AE077 /* LaunchScreen.storyboard */; };
		1CD695D028CFC326007AE077 /* Core.framework in Frameworks */ = {isa = PBXBuildFile; fileRef = 1CD695CF28CFC326007AE077 /* Core.framework */; };
		1CD695D128CFC326007AE077 /* Core.framework in Embed Frameworks */ = {isa = PBXBuildFile; fileRef = 1CD695CF28CFC326007AE077 /* Core.framework */; settings = {ATTRIBUTES = (CodeSignOnCopy, RemoveHeadersOnCopy, ); }; };
		1CD695D428CFC32A007AE077 /* Utils.framework in Frameworks */ = {isa = PBXBuildFile; fileRef = 1CD695D328CFC32A007AE077 /* Utils.framework */; };
		1CD695D528CFC32A007AE077 /* Utils.framework in Embed Frameworks */ = {isa = PBXBuildFile; fileRef = 1CD695D328CFC32A007AE077 /* Utils.framework */; settings = {ATTRIBUTES = (CodeSignOnCopy, RemoveHeadersOnCopy, ); }; };
		1CD695E128CFD364007AE077 /* Localizable.strings in Resources */ = {isa = PBXBuildFile; fileRef = 1CD695E328CFD364007AE077 /* Localizable.strings */; };
		1CDCB2DD28D132D600624AB5 /* RootCoordinator.swift in Sources */ = {isa = PBXBuildFile; fileRef = 1CDCB2DC28D132D600624AB5 /* RootCoordinator.swift */; };
		1CDCB2E028D1341500624AB5 /* RootAssembly.swift in Sources */ = {isa = PBXBuildFile; fileRef = 1CDCB2DF28D1341500624AB5 /* RootAssembly.swift */; };
		1CDCB2EC28D1378600624AB5 /* ScreenAssembly.swift in Sources */ = {isa = PBXBuildFile; fileRef = 1CDCB2EB28D1378600624AB5 /* ScreenAssembly.swift */; };
		1CEEC76D28D2801800F8DC7A /* AppDelegate.swift in Sources */ = {isa = PBXBuildFile; fileRef = 1CEEC76C28D2801800F8DC7A /* AppDelegate.swift */; };
		1CF466ED28CFDF5F0012DE85 /* Assets.swift in Sources */ = {isa = PBXBuildFile; fileRef = 1CF466EA28CFDF5F0012DE85 /* Assets.swift */; };
		1CF466EE28CFDF5F0012DE85 /* Fonts.swift in Sources */ = {isa = PBXBuildFile; fileRef = 1CF466EB28CFDF5F0012DE85 /* Fonts.swift */; };
		1CF466EF28CFDF5F0012DE85 /* Localizable.swift in Sources */ = {isa = PBXBuildFile; fileRef = 1CF466EC28CFDF5F0012DE85 /* Localizable.swift */; };
		1CF969CC28E393AC00F49456 /* ButtonsCollectionView.swift in Sources */ = {isa = PBXBuildFile; fileRef = 1CF969CB28E393AC00F49456 /* ButtonsCollectionView.swift */; };
		1CF969CE28E3959900F49456 /* ButtonCollectionViewModel.swift in Sources */ = {isa = PBXBuildFile; fileRef = 1CF969CD28E3959900F49456 /* ButtonCollectionViewModel.swift */; };
		1CFA294928D27B510088A051 /* HomeCoordinator.swift in Sources */ = {isa = PBXBuildFile; fileRef = 1CFA294828D27B510088A051 /* HomeCoordinator.swift */; };
		1CFA294B28D27CBA0088A051 /* HomeAssembly.swift in Sources */ = {isa = PBXBuildFile; fileRef = 1CFA294A28D27CBA0088A051 /* HomeAssembly.swift */; };
		B224E8EF66AFC36947FEFDC9 /* Pods_CoinGecko.framework in Frameworks */ = {isa = PBXBuildFile; fileRef = 6A048B1055F31676E083DD39 /* Pods_CoinGecko.framework */; };
/* End PBXBuildFile section */

/* Begin PBXCopyFilesBuildPhase section */
		1CD695D228CFC326007AE077 /* Embed Frameworks */ = {
			isa = PBXCopyFilesBuildPhase;
			buildActionMask = 2147483647;
			dstPath = "";
			dstSubfolderSpec = 10;
			files = (
				1CD695D528CFC32A007AE077 /* Utils.framework in Embed Frameworks */,
				1CD695D128CFC326007AE077 /* Core.framework in Embed Frameworks */,
			);
			name = "Embed Frameworks";
			runOnlyForDeploymentPostprocessing = 0;
		};
/* End PBXCopyFilesBuildPhase section */

/* Begin PBXFileReference section */
		0530E47261D69862E678A972 /* Pods-CoinGecko.debug.xcconfig */ = {isa = PBXFileReference; includeInIndex = 1; lastKnownFileType = text.xcconfig; name = "Pods-CoinGecko.debug.xcconfig"; path = "Target Support Files/Pods-CoinGecko/Pods-CoinGecko.debug.xcconfig"; sourceTree = "<group>"; };
		1C2A63DE28D644C00007877D /* SceneDelegate.swift */ = {isa = PBXFileReference; lastKnownFileType = sourcecode.swift; path = SceneDelegate.swift; sourceTree = "<group>"; };
		1C2A63E228D644F40007877D /* RemoteImageView.swift */ = {isa = PBXFileReference; lastKnownFileType = sourcecode.swift; path = RemoteImageView.swift; sourceTree = "<group>"; };
		1C2A63E528D645250007877D /* RemoteImageDownloadable.swift */ = {isa = PBXFileReference; lastKnownFileType = sourcecode.swift; path = RemoteImageDownloadable.swift; sourceTree = "<group>"; };
		1C2A63EE28D649500007877D /* TitledDescriptionView.swift */ = {isa = PBXFileReference; lastKnownFileType = sourcecode.swift; path = TitledDescriptionView.swift; sourceTree = "<group>"; };
		1C2A63F028D6496F0007877D /* TitledDescriptionViewModel.swift */ = {isa = PBXFileReference; lastKnownFileType = sourcecode.swift; path = TitledDescriptionViewModel.swift; sourceTree = "<group>"; };
		1C3F8ADE28ECD39100E04740 /* CoinDetailsInfoScreenPresentable.swift */ = {isa = PBXFileReference; lastKnownFileType = sourcecode.swift; path = CoinDetailsInfoScreenPresentable.swift; sourceTree = "<group>"; };
		1C42879F28E0732100273979 /* ChartView.swift */ = {isa = PBXFileReference; lastKnownFileType = sourcecode.swift; path = ChartView.swift; sourceTree = "<group>"; };
		1C4287A128E0732600273979 /* ChartViewModel.swift */ = {isa = PBXFileReference; lastKnownFileType = sourcecode.swift; path = ChartViewModel.swift; sourceTree = "<group>"; };
		1C4287A628E0AFD800273979 /* RangePickerButton.swift */ = {isa = PBXFileReference; lastKnownFileType = sourcecode.swift; path = RangePickerButton.swift; sourceTree = "<group>"; };
		1C4287A928E0B0C300273979 /* RangePickerButtonViewModel.swift */ = {isa = PBXFileReference; lastKnownFileType = sourcecode.swift; path = RangePickerButtonViewModel.swift; sourceTree = "<group>"; };
		1C60D9EB28E8853500B675DA /* MarketsCoordinator.swift */ = {isa = PBXFileReference; lastKnownFileType = sourcecode.swift; path = MarketsCoordinator.swift; sourceTree = "<group>"; };
		1C60D9F128E8A3EA00B675DA /* MarketsViewController.swift */ = {isa = PBXFileReference; lastKnownFileType = sourcecode.swift; path = MarketsViewController.swift; sourceTree = "<group>"; };
		1C60D9F328E8A3F600B675DA /* MarketsViewModel.swift */ = {isa = PBXFileReference; lastKnownFileType = sourcecode.swift; path = MarketsViewModel.swift; sourceTree = "<group>"; };
		1C60D9F528E8A4C900B675DA /* MarketsAssembly.swift */ = {isa = PBXFileReference; lastKnownFileType = sourcecode.swift; path = MarketsAssembly.swift; sourceTree = "<group>"; };
		1C7200A228D71411001DDBD5 /* InteractorsAssembly.swift */ = {isa = PBXFileReference; lastKnownFileType = sourcecode.swift; path = InteractorsAssembly.swift; sourceTree = "<group>"; };
		1C7200A528D714A7001DDBD5 /* APIDataManagerAssembly.swift */ = {isa = PBXFileReference; lastKnownFileType = sourcecode.swift; path = APIDataManagerAssembly.swift; sourceTree = "<group>"; };
		1C7200A728D714AF001DDBD5 /* CacheDataManagerAssembly.swift */ = {isa = PBXFileReference; lastKnownFileType = sourcecode.swift; path = CacheDataManagerAssembly.swift; sourceTree = "<group>"; };
		1C7200B728D77FB3001DDBD5 /* CoinDetailsViewController.swift */ = {isa = PBXFileReference; lastKnownFileType = sourcecode.swift; path = CoinDetailsViewController.swift; sourceTree = "<group>"; };
		1C7200B928D77FED001DDBD5 /* CoinDetailsViewModel.swift */ = {isa = PBXFileReference; lastKnownFileType = sourcecode.swift; path = CoinDetailsViewModel.swift; sourceTree = "<group>"; };
		1C7200BC28D7860A001DDBD5 /* CoinDetailsNavigationBarView.swift */ = {isa = PBXFileReference; lastKnownFileType = sourcecode.swift; path = CoinDetailsNavigationBarView.swift; sourceTree = "<group>"; };
		1C7200BE28D78619001DDBD5 /* CoinDetailsNavigationBarViewModel.swift */ = {isa = PBXFileReference; lastKnownFileType = sourcecode.swift; path = CoinDetailsNavigationBarViewModel.swift; sourceTree = "<group>"; };
		1C7CD4F528D2743C00068965 /* CoinsListViewController.swift */ = {isa = PBXFileReference; lastKnownFileType = sourcecode.swift; path = CoinsListViewController.swift; sourceTree = "<group>"; };
		1C7CD4F728D2744300068965 /* CoinsListViewModel.swift */ = {isa = PBXFileReference; lastKnownFileType = sourcecode.swift; path = CoinsListViewModel.swift; sourceTree = "<group>"; };
		1C97B9D028EA2E3C0085C979 /* PageButton.swift */ = {isa = PBXFileReference; lastKnownFileType = sourcecode.swift; path = PageButton.swift; sourceTree = "<group>"; };
		1C97B9D228EA2E460085C979 /* PageButtonViewModel.swift */ = {isa = PBXFileReference; lastKnownFileType = sourcecode.swift; path = PageButtonViewModel.swift; sourceTree = "<group>"; };
		1C97B9D628EA32550085C979 /* PageButtonsCollectionView.swift */ = {isa = PBXFileReference; lastKnownFileType = sourcecode.swift; path = PageButtonsCollectionView.swift; sourceTree = "<group>"; };
		1C97B9D828EA325F0085C979 /* PageButtonsCollectionViewModel.swift */ = {isa = PBXFileReference; lastKnownFileType = sourcecode.swift; path = PageButtonsCollectionViewModel.swift; sourceTree = "<group>"; };
		1CA3D3A528D3CFA7009D43E9 /* CoinCell.swift */ = {isa = PBXFileReference; lastKnownFileType = sourcecode.swift; path = CoinCell.swift; sourceTree = "<group>"; };
		1CA3D3A728D3CFAF009D43E9 /* CoinCellViewModel.swift */ = {isa = PBXFileReference; lastKnownFileType = sourcecode.swift; path = CoinCellViewModel.swift; sourceTree = "<group>"; };
		1CD6958A28CFBDA5007AE077 /* CoinGecko.app */ = {isa = PBXFileReference; explicitFileType = wrapper.application; includeInIndex = 0; path = CoinGecko.app; sourceTree = BUILT_PRODUCTS_DIR; };
		1CD6959628CFBDA7007AE077 /* Assets.xcassets */ = {isa = PBXFileReference; lastKnownFileType = folder.assetcatalog; path = Assets.xcassets; sourceTree = "<group>"; };
		1CD6959928CFBDA7007AE077 /* Base */ = {isa = PBXFileReference; lastKnownFileType = file.storyboard; name = Base; path = Base.lproj/LaunchScreen.storyboard; sourceTree = "<group>"; };
		1CD6959B28CFBDA7007AE077 /* Info.plist */ = {isa = PBXFileReference; lastKnownFileType = text.plist.xml; path = Info.plist; sourceTree = "<group>"; };
		1CD695CF28CFC326007AE077 /* Core.framework */ = {isa = PBXFileReference; explicitFileType = wrapper.framework; path = Core.framework; sourceTree = BUILT_PRODUCTS_DIR; };
		1CD695D328CFC32A007AE077 /* Utils.framework */ = {isa = PBXFileReference; explicitFileType = wrapper.framework; path = Utils.framework; sourceTree = BUILT_PRODUCTS_DIR; };
		1CD695E228CFD364007AE077 /* en */ = {isa = PBXFileReference; lastKnownFileType = text.plist.strings; name = en; path = en.lproj/Localizable.strings; sourceTree = "<group>"; };
		1CDCB2DC28D132D600624AB5 /* RootCoordinator.swift */ = {isa = PBXFileReference; lastKnownFileType = sourcecode.swift; path = RootCoordinator.swift; sourceTree = "<group>"; };
		1CDCB2DF28D1341500624AB5 /* RootAssembly.swift */ = {isa = PBXFileReference; lastKnownFileType = sourcecode.swift; path = RootAssembly.swift; sourceTree = "<group>"; };
		1CDCB2EB28D1378600624AB5 /* ScreenAssembly.swift */ = {isa = PBXFileReference; lastKnownFileType = sourcecode.swift; path = ScreenAssembly.swift; sourceTree = "<group>"; };
		1CEEC76C28D2801800F8DC7A /* AppDelegate.swift */ = {isa = PBXFileReference; fileEncoding = 4; lastKnownFileType = sourcecode.swift; path = AppDelegate.swift; sourceTree = "<group>"; };
		1CF466EA28CFDF5F0012DE85 /* Assets.swift */ = {isa = PBXFileReference; fileEncoding = 4; lastKnownFileType = sourcecode.swift; path = Assets.swift; sourceTree = "<group>"; };
		1CF466EB28CFDF5F0012DE85 /* Fonts.swift */ = {isa = PBXFileReference; fileEncoding = 4; lastKnownFileType = sourcecode.swift; path = Fonts.swift; sourceTree = "<group>"; };
		1CF466EC28CFDF5F0012DE85 /* Localizable.swift */ = {isa = PBXFileReference; fileEncoding = 4; lastKnownFileType = sourcecode.swift; path = Localizable.swift; sourceTree = "<group>"; };
		1CF969CB28E393AC00F49456 /* ButtonsCollectionView.swift */ = {isa = PBXFileReference; lastKnownFileType = sourcecode.swift; path = ButtonsCollectionView.swift; sourceTree = "<group>"; };
		1CF969CD28E3959900F49456 /* ButtonCollectionViewModel.swift */ = {isa = PBXFileReference; lastKnownFileType = sourcecode.swift; path = ButtonCollectionViewModel.swift; sourceTree = "<group>"; };
		1CFA294828D27B510088A051 /* HomeCoordinator.swift */ = {isa = PBXFileReference; lastKnownFileType = sourcecode.swift; path = HomeCoordinator.swift; sourceTree = "<group>"; };
		1CFA294A28D27CBA0088A051 /* HomeAssembly.swift */ = {isa = PBXFileReference; lastKnownFileType = sourcecode.swift; path = HomeAssembly.swift; sourceTree = "<group>"; };
		49077AF327030523977F7860 /* Pods-CoinGecko.release.xcconfig */ = {isa = PBXFileReference; includeInIndex = 1; lastKnownFileType = text.xcconfig; name = "Pods-CoinGecko.release.xcconfig"; path = "Target Support Files/Pods-CoinGecko/Pods-CoinGecko.release.xcconfig"; sourceTree = "<group>"; };
		6A048B1055F31676E083DD39 /* Pods_CoinGecko.framework */ = {isa = PBXFileReference; explicitFileType = wrapper.framework; includeInIndex = 0; path = Pods_CoinGecko.framework; sourceTree = BUILT_PRODUCTS_DIR; };
/* End PBXFileReference section */

/* Begin PBXFrameworksBuildPhase section */
		1CD6958728CFBDA5007AE077 /* Frameworks */ = {
			isa = PBXFrameworksBuildPhase;
			buildActionMask = 2147483647;
			files = (
				B224E8EF66AFC36947FEFDC9 /* Pods_CoinGecko.framework in Frameworks */,
				1CD695D428CFC32A007AE077 /* Utils.framework in Frameworks */,
				1CD695D028CFC326007AE077 /* Core.framework in Frameworks */,
			);
			runOnlyForDeploymentPostprocessing = 0;
		};
/* End PBXFrameworksBuildPhase section */

/* Begin PBXGroup section */
		1C2A63DC28D644970007877D /* Views */ = {
			isa = PBXGroup;
			children = (
				1C2A63EE28D649500007877D /* TitledDescriptionView.swift */,
				1C2A63F028D6496F0007877D /* TitledDescriptionViewModel.swift */,
			);
			path = Views;
			sourceTree = "<group>";
		};
		1C2A63DD28D644B70007877D /* MainDelegates */ = {
			isa = PBXGroup;
			children = (
				1C2A63DE28D644C00007877D /* SceneDelegate.swift */,
				1CEEC76C28D2801800F8DC7A /* AppDelegate.swift */,
			);
			path = MainDelegates;
			sourceTree = "<group>";
		};
		1C2A63E028D644D60007877D /* Common */ = {
			isa = PBXGroup;
			children = (
				1C2A63E428D645190007877D /* Protocols */,
				1C2A63E128D644DC0007877D /* Views */,
			);
			path = Common;
			sourceTree = "<group>";
		};
		1C2A63E128D644DC0007877D /* Views */ = {
			isa = PBXGroup;
			children = (
				1CA3D3A228D3CF03009D43E9 /* CoinCell */,
				1C42879E28E0730100273979 /* ChartView */,
				1C2A63E228D644F40007877D /* RemoteImageView.swift */,
			);
			path = Views;
			sourceTree = "<group>";
		};
		1C2A63E428D645190007877D /* Protocols */ = {
			isa = PBXGroup;
			children = (
				1C3F8ADE28ECD39100E04740 /* CoinDetailsInfoScreenPresentable.swift */,
				1C2A63E528D645250007877D /* RemoteImageDownloadable.swift */,
			);
			path = Protocols;
			sourceTree = "<group>";
		};
		1C42879E28E0730100273979 /* ChartView */ = {
			isa = PBXGroup;
			children = (
				1C42879F28E0732100273979 /* ChartView.swift */,
				1C4287A128E0732600273979 /* ChartViewModel.swift */,
			);
			path = ChartView;
			sourceTree = "<group>";
		};
		1C4287A528E0AFB800273979 /* Views */ = {
			isa = PBXGroup;
			children = (
				1CF969CA28E3931600F49456 /* ButtonsCollection */,
				1C7200BB28D785EC001DDBD5 /* NavigationBar */,
				1C4287A828E0B0B700273979 /* RangePickerButton */,
			);
			path = Views;
			sourceTree = "<group>";
		};
		1C4287A828E0B0B700273979 /* RangePickerButton */ = {
			isa = PBXGroup;
			children = (
				1C4287A628E0AFD800273979 /* RangePickerButton.swift */,
				1C4287A928E0B0C300273979 /* RangePickerButtonViewModel.swift */,
			);
			path = RangePickerButton;
			sourceTree = "<group>";
		};
		1C60D9F028E8A2EB00B675DA /* Markets */ = {
			isa = PBXGroup;
			children = (
				1C97B9CF28EA2E2A0085C979 /* Views */,
				1C60D9F128E8A3EA00B675DA /* MarketsViewController.swift */,
				1C60D9F328E8A3F600B675DA /* MarketsViewModel.swift */,
			);
			path = Markets;
			sourceTree = "<group>";
		};
		1C7200A128D713CF001DDBD5 /* Coordinators */ = {
			isa = PBXGroup;
			children = (
				1CDCB2DF28D1341500624AB5 /* RootAssembly.swift */,
				1CFA294A28D27CBA0088A051 /* HomeAssembly.swift */,
				1C60D9F528E8A4C900B675DA /* MarketsAssembly.swift */,
			);
			path = Coordinators;
			sourceTree = "<group>";
		};
		1C7200A428D71497001DDBD5 /* DataManagers */ = {
			isa = PBXGroup;
			children = (
				1C7200A528D714A7001DDBD5 /* APIDataManagerAssembly.swift */,
				1C7200A728D714AF001DDBD5 /* CacheDataManagerAssembly.swift */,
			);
			path = DataManagers;
			sourceTree = "<group>";
		};
		1C7200B628D77FA4001DDBD5 /* CoinDetails */ = {
			isa = PBXGroup;
			children = (
				1C4287A528E0AFB800273979 /* Views */,
				1C7200B728D77FB3001DDBD5 /* CoinDetailsViewController.swift */,
				1C7200B928D77FED001DDBD5 /* CoinDetailsViewModel.swift */,
			);
			path = CoinDetails;
			sourceTree = "<group>";
		};
		1C7200BB28D785EC001DDBD5 /* NavigationBar */ = {
			isa = PBXGroup;
			children = (
				1C7200BC28D7860A001DDBD5 /* CoinDetailsNavigationBarView.swift */,
				1C7200BE28D78619001DDBD5 /* CoinDetailsNavigationBarViewModel.swift */,
			);
			path = NavigationBar;
			sourceTree = "<group>";
		};
		1C7CD4F328D273F800068965 /* Screens */ = {
			isa = PBXGroup;
			children = (
				1C7CD4F428D2741A00068965 /* CoinsList */,
				1C7200B628D77FA4001DDBD5 /* CoinDetails */,
				1C60D9F028E8A2EB00B675DA /* Markets */,
			);
			path = Screens;
			sourceTree = "<group>";
		};
		1C7CD4F428D2741A00068965 /* CoinsList */ = {
			isa = PBXGroup;
			children = (
				1C2A63DC28D644970007877D /* Views */,
				1C7CD4F528D2743C00068965 /* CoinsListViewController.swift */,
				1C7CD4F728D2744300068965 /* CoinsListViewModel.swift */,
			);
			path = CoinsList;
			sourceTree = "<group>";
		};
		1C97B9CF28EA2E2A0085C979 /* Views */ = {
			isa = PBXGroup;
			children = (
				1C97B9D528EA322B0085C979 /* PageButtonsCollection */,
				1C97B9D428EA321E0085C979 /* PageButton */,
			);
			path = Views;
			sourceTree = "<group>";
		};
		1C97B9D428EA321E0085C979 /* PageButton */ = {
			isa = PBXGroup;
			children = (
				1C97B9D028EA2E3C0085C979 /* PageButton.swift */,
				1C97B9D228EA2E460085C979 /* PageButtonViewModel.swift */,
			);
			path = PageButton;
			sourceTree = "<group>";
		};
		1C97B9D528EA322B0085C979 /* PageButtonsCollection */ = {
			isa = PBXGroup;
			children = (
				1C97B9D628EA32550085C979 /* PageButtonsCollectionView.swift */,
				1C97B9D828EA325F0085C979 /* PageButtonsCollectionViewModel.swift */,
			);
			path = PageButtonsCollection;
			sourceTree = "<group>";
		};
		1CA3D3A228D3CF03009D43E9 /* CoinCell */ = {
			isa = PBXGroup;
			children = (
				1CA3D3A528D3CFA7009D43E9 /* CoinCell.swift */,
				1CA3D3A728D3CFAF009D43E9 /* CoinCellViewModel.swift */,
			);
			path = CoinCell;
			sourceTree = "<group>";
		};
		1CD6958128CFBDA5007AE077 = {
			isa = PBXGroup;
			children = (
				1CD6958C28CFBDA5007AE077 /* CoinGecko */,
				1CD6958B28CFBDA5007AE077 /* Products */,
				CFF3D8D4BA119288ED11D4C9 /* Pods */,
				2A94903A6BE96D2028A58D96 /* Frameworks */,
			);
			sourceTree = "<group>";
		};
		1CD6958B28CFBDA5007AE077 /* Products */ = {
			isa = PBXGroup;
			children = (
				1CD6958A28CFBDA5007AE077 /* CoinGecko.app */,
			);
			name = Products;
			sourceTree = "<group>";
		};
		1CD6958C28CFBDA5007AE077 /* CoinGecko */ = {
			isa = PBXGroup;
			children = (
				1CDCB2C228D121CF00624AB5 /* Classes */,
				1CF466E628CFDEDE0012DE85 /* Resources */,
			);
			path = CoinGecko;
			sourceTree = "<group>";
		};
		1CDCB2C228D121CF00624AB5 /* Classes */ = {
			isa = PBXGroup;
			children = (
				1C2A63DD28D644B70007877D /* MainDelegates */,
				1C2A63E028D644D60007877D /* Common */,
				1C7CD4F328D273F800068965 /* Screens */,
				1CDCB2DE28D133C000624AB5 /* Assembly */,
				1CDCB2DB28D1324F00624AB5 /* Coordinators */,
			);
			path = Classes;
			sourceTree = "<group>";
		};
		1CDCB2DB28D1324F00624AB5 /* Coordinators */ = {
			isa = PBXGroup;
			children = (
				1CDCB2DC28D132D600624AB5 /* RootCoordinator.swift */,
				1CFA294828D27B510088A051 /* HomeCoordinator.swift */,
				1C60D9EB28E8853500B675DA /* MarketsCoordinator.swift */,
			);
			path = Coordinators;
			sourceTree = "<group>";
		};
		1CDCB2DE28D133C000624AB5 /* Assembly */ = {
			isa = PBXGroup;
			children = (
				1CDCB2EA28D1377300624AB5 /* Protocols */,
				1C7200A428D71497001DDBD5 /* DataManagers */,
				1C7200A128D713CF001DDBD5 /* Coordinators */,
				1C7200A228D71411001DDBD5 /* InteractorsAssembly.swift */,
			);
			path = Assembly;
			sourceTree = "<group>";
		};
		1CDCB2EA28D1377300624AB5 /* Protocols */ = {
			isa = PBXGroup;
			children = (
				1CDCB2EB28D1378600624AB5 /* ScreenAssembly.swift */,
			);
			path = Protocols;
			sourceTree = "<group>";
		};
		1CF466E628CFDEDE0012DE85 /* Resources */ = {
			isa = PBXGroup;
			children = (
				1CF466E828CFDEEE0012DE85 /* Generated */,
				1CF466E928CFDEF90012DE85 /* Localizable */,
				1CD6959B28CFBDA7007AE077 /* Info.plist */,
				1CD6959828CFBDA7007AE077 /* LaunchScreen.storyboard */,
				1CD6959628CFBDA7007AE077 /* Assets.xcassets */,
			);
			path = Resources;
			sourceTree = "<group>";
		};
		1CF466E828CFDEEE0012DE85 /* Generated */ = {
			isa = PBXGroup;
			children = (
				1CF466EA28CFDF5F0012DE85 /* Assets.swift */,
				1CF466EB28CFDF5F0012DE85 /* Fonts.swift */,
				1CF466EC28CFDF5F0012DE85 /* Localizable.swift */,
			);
			path = Generated;
			sourceTree = "<group>";
		};
		1CF466E928CFDEF90012DE85 /* Localizable */ = {
			isa = PBXGroup;
			children = (
				1CD695E328CFD364007AE077 /* Localizable.strings */,
			);
			path = Localizable;
			sourceTree = "<group>";
		};
		1CF969CA28E3931600F49456 /* ButtonsCollection */ = {
			isa = PBXGroup;
			children = (
				1CF969CB28E393AC00F49456 /* ButtonsCollectionView.swift */,
				1CF969CD28E3959900F49456 /* ButtonCollectionViewModel.swift */,
			);
			path = ButtonsCollection;
			sourceTree = "<group>";
		};
		2A94903A6BE96D2028A58D96 /* Frameworks */ = {
			isa = PBXGroup;
			children = (
				1CD695D328CFC32A007AE077 /* Utils.framework */,
				1CD695CF28CFC326007AE077 /* Core.framework */,
				6A048B1055F31676E083DD39 /* Pods_CoinGecko.framework */,
			);
			name = Frameworks;
			sourceTree = "<group>";
		};
		CFF3D8D4BA119288ED11D4C9 /* Pods */ = {
			isa = PBXGroup;
			children = (
				0530E47261D69862E678A972 /* Pods-CoinGecko.debug.xcconfig */,
				49077AF327030523977F7860 /* Pods-CoinGecko.release.xcconfig */,
			);
			name = Pods;
			path = ../Pods;
			sourceTree = "<group>";
		};
/* End PBXGroup section */

/* Begin PBXNativeTarget section */
		1CD6958928CFBDA5007AE077 /* CoinGecko */ = {
			isa = PBXNativeTarget;
			buildConfigurationList = 1CD6959E28CFBDA7007AE077 /* Build configuration list for PBXNativeTarget "CoinGecko" */;
			buildPhases = (
				92B48CC74AC12A835B3A4BB6 /* [CP] Check Pods Manifest.lock */,
				1CD695E728CFD39E007AE077 /* SwiftGen */,
				1CD6958628CFBDA5007AE077 /* Sources */,
				1CD6958728CFBDA5007AE077 /* Frameworks */,
				1CD6958828CFBDA5007AE077 /* Resources */,
				1CD695D228CFC326007AE077 /* Embed Frameworks */,
				1CD695D628CFCE0A007AE077 /* SwiftLint */,
				03ED0F93E6F09FE55E497630 /* [CP] Copy Pods Resources */,
			);
			buildRules = (
			);
			dependencies = (
			);
			name = CoinGecko;
			productName = CoinGecko;
			productReference = 1CD6958A28CFBDA5007AE077 /* CoinGecko.app */;
			productType = "com.apple.product-type.application";
		};
/* End PBXNativeTarget section */

/* Begin PBXProject section */
		1CD6958228CFBDA5007AE077 /* Project object */ = {
			isa = PBXProject;
			attributes = {
				BuildIndependentTargetsInParallel = 1;
				LastSwiftUpdateCheck = 1330;
				LastUpgradeCheck = 1330;
				ORGANIZATIONNAME = BSUIR;
				TargetAttributes = {
					1CD6958928CFBDA5007AE077 = {
						CreatedOnToolsVersion = 13.3.1;
					};
				};
			};
			buildConfigurationList = 1CD6958528CFBDA5007AE077 /* Build configuration list for PBXProject "CoinGecko" */;
			compatibilityVersion = "Xcode 13.0";
			developmentRegion = en;
			hasScannedForEncodings = 0;
			knownRegions = (
				en,
				Base,
			);
			mainGroup = 1CD6958128CFBDA5007AE077;
			productRefGroup = 1CD6958B28CFBDA5007AE077 /* Products */;
			projectDirPath = "";
			projectRoot = "";
			targets = (
				1CD6958928CFBDA5007AE077 /* CoinGecko */,
			);
		};
/* End PBXProject section */

/* Begin PBXResourcesBuildPhase section */
		1CD6958828CFBDA5007AE077 /* Resources */ = {
			isa = PBXResourcesBuildPhase;
			buildActionMask = 2147483647;
			files = (
				1CD6959A28CFBDA7007AE077 /* LaunchScreen.storyboard in Resources */,
				1CD6959728CFBDA7007AE077 /* Assets.xcassets in Resources */,
				1CD695E128CFD364007AE077 /* Localizable.strings in Resources */,
			);
			runOnlyForDeploymentPostprocessing = 0;
		};
/* End PBXResourcesBuildPhase section */

/* Begin PBXShellScriptBuildPhase section */
		03ED0F93E6F09FE55E497630 /* [CP] Copy Pods Resources */ = {
			isa = PBXShellScriptBuildPhase;
			buildActionMask = 2147483647;
			files = (
			);
			inputFileListPaths = (
				"${PODS_ROOT}/Target Support Files/Pods-CoinGecko/Pods-CoinGecko-resources-${CONFIGURATION}-input-files.xcfilelist",
			);
			name = "[CP] Copy Pods Resources";
			outputFileListPaths = (
				"${PODS_ROOT}/Target Support Files/Pods-CoinGecko/Pods-CoinGecko-resources-${CONFIGURATION}-output-files.xcfilelist",
			);
			runOnlyForDeploymentPostprocessing = 0;
			shellPath = /bin/sh;
			shellScript = "\"${PODS_ROOT}/Target Support Files/Pods-CoinGecko/Pods-CoinGecko-resources.sh\"\n";
			showEnvVarsInLog = 0;
		};
		1CD695D628CFCE0A007AE077 /* SwiftLint */ = {
			isa = PBXShellScriptBuildPhase;
			buildActionMask = 2147483647;
			files = (
			);
			inputFileListPaths = (
			);
			inputPaths = (
			);
			name = SwiftLint;
			outputFileListPaths = (
			);
			outputPaths = (
			);
			runOnlyForDeploymentPostprocessing = 0;
			shellPath = /bin/sh;
			shellScript = "if which \"${PODS_ROOT}/SwiftLint/swiftlint\" >/dev/null; then\n    \"${PODS_ROOT}/SwiftLint/swiftlint\" --quiet --config \"$(dirname $PWD)/.swiftlint.yml\"\nelse\n    echo \"error: SwiftLint does not exist, upadate CocoaPods (use `pod install`)\"\n    exit 1\nfi\n";
		};
		1CD695E728CFD39E007AE077 /* SwiftGen */ = {
			isa = PBXShellScriptBuildPhase;
			buildActionMask = 2147483647;
			files = (
			);
			inputFileListPaths = (
			);
			inputPaths = (
			);
			name = SwiftGen;
			outputFileListPaths = (
			);
			outputPaths = (
			);
			runOnlyForDeploymentPostprocessing = 0;
			shellPath = /bin/sh;
			shellScript = "if which \"$PODS_ROOT/SwiftGen/bin/swiftgen\" >/dev/null; then\n    \"$PODS_ROOT/SwiftGen/bin/swiftgen\"\nelse\n    echo \"error: SwiftGen does not exist, upadate CocoaPods (use `pod install`)\"\n    exit 1\nfi\n";
		};
		92B48CC74AC12A835B3A4BB6 /* [CP] Check Pods Manifest.lock */ = {
			isa = PBXShellScriptBuildPhase;
			buildActionMask = 2147483647;
			files = (
			);
			inputFileListPaths = (
			);
			inputPaths = (
				"${PODS_PODFILE_DIR_PATH}/Podfile.lock",
				"${PODS_ROOT}/Manifest.lock",
			);
			name = "[CP] Check Pods Manifest.lock";
			outputFileListPaths = (
			);
			outputPaths = (
				"$(DERIVED_FILE_DIR)/Pods-CoinGecko-checkManifestLockResult.txt",
			);
			runOnlyForDeploymentPostprocessing = 0;
			shellPath = /bin/sh;
			shellScript = "diff \"${PODS_PODFILE_DIR_PATH}/Podfile.lock\" \"${PODS_ROOT}/Manifest.lock\" > /dev/null\nif [ $? != 0 ] ; then\n    # print error to STDERR\n    echo \"error: The sandbox is not in sync with the Podfile.lock. Run 'pod install' or update your CocoaPods installation.\" >&2\n    exit 1\nfi\n# This output is used by Xcode 'outputs' to avoid re-running this script phase.\necho \"SUCCESS\" > \"${SCRIPT_OUTPUT_FILE_0}\"\n";
			showEnvVarsInLog = 0;
		};
/* End PBXShellScriptBuildPhase section */

/* Begin PBXSourcesBuildPhase section */
		1CD6958628CFBDA5007AE077 /* Sources */ = {
			isa = PBXSourcesBuildPhase;
			buildActionMask = 2147483647;
			files = (
				1CF969CE28E3959900F49456 /* ButtonCollectionViewModel.swift in Sources */,
				1CEEC76D28D2801800F8DC7A /* AppDelegate.swift in Sources */,
				1C4287A028E0732100273979 /* ChartView.swift in Sources */,
				1CF466EE28CFDF5F0012DE85 /* Fonts.swift in Sources */,
				1C7200BF28D78619001DDBD5 /* CoinDetailsNavigationBarViewModel.swift in Sources */,
				1C2A63F128D6496F0007877D /* TitledDescriptionViewModel.swift in Sources */,
				1C7CD4F828D2744300068965 /* CoinsListViewModel.swift in Sources */,
				1C4287A228E0732600273979 /* ChartViewModel.swift in Sources */,
				1C2A63E628D645250007877D /* RemoteImageDownloadable.swift in Sources */,
				1C3F8ADF28ECD39100E04740 /* CoinDetailsInfoScreenPresentable.swift in Sources */,
				1C97B9D328EA2E460085C979 /* PageButtonViewModel.swift in Sources */,
				1C7CD4F628D2743C00068965 /* CoinsListViewController.swift in Sources */,
				1CFA294B28D27CBA0088A051 /* HomeAssembly.swift in Sources */,
				1C2A63DF28D644C00007877D /* SceneDelegate.swift in Sources */,
				1CDCB2E028D1341500624AB5 /* RootAssembly.swift in Sources */,
				1C7200BD28D7860A001DDBD5 /* CoinDetailsNavigationBarView.swift in Sources */,
				1C60D9EC28E8853500B675DA /* MarketsCoordinator.swift in Sources */,
				1C2A63EF28D649500007877D /* TitledDescriptionView.swift in Sources */,
				1C7200A628D714A7001DDBD5 /* APIDataManagerAssembly.swift in Sources */,
				1CDCB2DD28D132D600624AB5 /* RootCoordinator.swift in Sources */,
				1CDCB2EC28D1378600624AB5 /* ScreenAssembly.swift in Sources */,
				1C7200A828D714AF001DDBD5 /* CacheDataManagerAssembly.swift in Sources */,
				1C97B9D128EA2E3C0085C979 /* PageButton.swift in Sources */,
				1C97B9D928EA325F0085C979 /* PageButtonsCollectionViewModel.swift in Sources */,
				1CFA294928D27B510088A051 /* HomeCoordinator.swift in Sources */,
				1C7200BA28D77FED001DDBD5 /* CoinDetailsViewModel.swift in Sources */,
				1C60D9F428E8A3F600B675DA /* MarketsViewModel.swift in Sources */,
				1C4287AA28E0B0C300273979 /* RangePickerButtonViewModel.swift in Sources */,
				1CF466ED28CFDF5F0012DE85 /* Assets.swift in Sources */,
				1CA3D3A628D3CFA7009D43E9 /* CoinCell.swift in Sources */,
				1C7200B828D77FB3001DDBD5 /* CoinDetailsViewController.swift in Sources */,
				1CF466EF28CFDF5F0012DE85 /* Localizable.swift in Sources */,
				1C2A63E328D644F40007877D /* RemoteImageView.swift in Sources */,
				1C60D9F228E8A3EA00B675DA /* MarketsViewController.swift in Sources */,
				1C4287A728E0AFD800273979 /* RangePickerButton.swift in Sources */,
				1C97B9D728EA32550085C979 /* PageButtonsCollectionView.swift in Sources */,
				1C60D9F628E8A4C900B675DA /* MarketsAssembly.swift in Sources */,
				1CA3D3A828D3CFAF009D43E9 /* CoinCellViewModel.swift in Sources */,
				1CF969CC28E393AC00F49456 /* ButtonsCollectionView.swift in Sources */,
				1C7200A328D71411001DDBD5 /* InteractorsAssembly.swift in Sources */,
			);
			runOnlyForDeploymentPostprocessing = 0;
		};
/* End PBXSourcesBuildPhase section */

/* Begin PBXVariantGroup section */
		1CD6959828CFBDA7007AE077 /* LaunchScreen.storyboard */ = {
			isa = PBXVariantGroup;
			children = (
				1CD6959928CFBDA7007AE077 /* Base */,
			);
			name = LaunchScreen.storyboard;
			sourceTree = "<group>";
		};
		1CD695E328CFD364007AE077 /* Localizable.strings */ = {
			isa = PBXVariantGroup;
			children = (
				1CD695E228CFD364007AE077 /* en */,
			);
			name = Localizable.strings;
			sourceTree = "<group>";
		};
/* End PBXVariantGroup section */

/* Begin XCBuildConfiguration section */
		1CD6959C28CFBDA7007AE077 /* Debug */ = {
			isa = XCBuildConfiguration;
			buildSettings = {
				ALWAYS_SEARCH_USER_PATHS = NO;
				CLANG_ANALYZER_NONNULL = YES;
				CLANG_ANALYZER_NUMBER_OBJECT_CONVERSION = YES_AGGRESSIVE;
				CLANG_CXX_LANGUAGE_STANDARD = "gnu++17";
				CLANG_ENABLE_MODULES = YES;
				CLANG_ENABLE_OBJC_ARC = YES;
				CLANG_ENABLE_OBJC_WEAK = YES;
				CLANG_WARN_BLOCK_CAPTURE_AUTORELEASING = YES;
				CLANG_WARN_BOOL_CONVERSION = YES;
				CLANG_WARN_COMMA = YES;
				CLANG_WARN_CONSTANT_CONVERSION = YES;
				CLANG_WARN_DEPRECATED_OBJC_IMPLEMENTATIONS = YES;
				CLANG_WARN_DIRECT_OBJC_ISA_USAGE = YES_ERROR;
				CLANG_WARN_DOCUMENTATION_COMMENTS = YES;
				CLANG_WARN_EMPTY_BODY = YES;
				CLANG_WARN_ENUM_CONVERSION = YES;
				CLANG_WARN_INFINITE_RECURSION = YES;
				CLANG_WARN_INT_CONVERSION = YES;
				CLANG_WARN_NON_LITERAL_NULL_CONVERSION = YES;
				CLANG_WARN_OBJC_IMPLICIT_RETAIN_SELF = YES;
				CLANG_WARN_OBJC_LITERAL_CONVERSION = YES;
				CLANG_WARN_OBJC_ROOT_CLASS = YES_ERROR;
				CLANG_WARN_QUOTED_INCLUDE_IN_FRAMEWORK_HEADER = YES;
				CLANG_WARN_RANGE_LOOP_ANALYSIS = YES;
				CLANG_WARN_STRICT_PROTOTYPES = YES;
				CLANG_WARN_SUSPICIOUS_MOVE = YES;
				CLANG_WARN_UNGUARDED_AVAILABILITY = YES_AGGRESSIVE;
				CLANG_WARN_UNREACHABLE_CODE = YES;
				CLANG_WARN__DUPLICATE_METHOD_MATCH = YES;
				COPY_PHASE_STRIP = NO;
				DEBUG_INFORMATION_FORMAT = dwarf;
				ENABLE_STRICT_OBJC_MSGSEND = YES;
				ENABLE_TESTABILITY = YES;
				GCC_C_LANGUAGE_STANDARD = gnu11;
				GCC_DYNAMIC_NO_PIC = NO;
				GCC_NO_COMMON_BLOCKS = YES;
				GCC_OPTIMIZATION_LEVEL = 0;
				GCC_PREPROCESSOR_DEFINITIONS = (
					"DEBUG=1",
					"$(inherited)",
				);
				GCC_WARN_64_TO_32_BIT_CONVERSION = YES;
				GCC_WARN_ABOUT_RETURN_TYPE = YES_ERROR;
				GCC_WARN_UNDECLARED_SELECTOR = YES;
				GCC_WARN_UNINITIALIZED_AUTOS = YES_AGGRESSIVE;
				GCC_WARN_UNUSED_FUNCTION = YES;
				GCC_WARN_UNUSED_VARIABLE = YES;
				IPHONEOS_DEPLOYMENT_TARGET = 15.4;
				MTL_ENABLE_DEBUG_INFO = INCLUDE_SOURCE;
				MTL_FAST_MATH = YES;
				ONLY_ACTIVE_ARCH = YES;
				SDKROOT = iphoneos;
				SWIFT_ACTIVE_COMPILATION_CONDITIONS = DEBUG;
				SWIFT_OPTIMIZATION_LEVEL = "-Onone";
			};
			name = Debug;
		};
		1CD6959D28CFBDA7007AE077 /* Release */ = {
			isa = XCBuildConfiguration;
			buildSettings = {
				ALWAYS_SEARCH_USER_PATHS = NO;
				CLANG_ANALYZER_NONNULL = YES;
				CLANG_ANALYZER_NUMBER_OBJECT_CONVERSION = YES_AGGRESSIVE;
				CLANG_CXX_LANGUAGE_STANDARD = "gnu++17";
				CLANG_ENABLE_MODULES = YES;
				CLANG_ENABLE_OBJC_ARC = YES;
				CLANG_ENABLE_OBJC_WEAK = YES;
				CLANG_WARN_BLOCK_CAPTURE_AUTORELEASING = YES;
				CLANG_WARN_BOOL_CONVERSION = YES;
				CLANG_WARN_COMMA = YES;
				CLANG_WARN_CONSTANT_CONVERSION = YES;
				CLANG_WARN_DEPRECATED_OBJC_IMPLEMENTATIONS = YES;
				CLANG_WARN_DIRECT_OBJC_ISA_USAGE = YES_ERROR;
				CLANG_WARN_DOCUMENTATION_COMMENTS = YES;
				CLANG_WARN_EMPTY_BODY = YES;
				CLANG_WARN_ENUM_CONVERSION = YES;
				CLANG_WARN_INFINITE_RECURSION = YES;
				CLANG_WARN_INT_CONVERSION = YES;
				CLANG_WARN_NON_LITERAL_NULL_CONVERSION = YES;
				CLANG_WARN_OBJC_IMPLICIT_RETAIN_SELF = YES;
				CLANG_WARN_OBJC_LITERAL_CONVERSION = YES;
				CLANG_WARN_OBJC_ROOT_CLASS = YES_ERROR;
				CLANG_WARN_QUOTED_INCLUDE_IN_FRAMEWORK_HEADER = YES;
				CLANG_WARN_RANGE_LOOP_ANALYSIS = YES;
				CLANG_WARN_STRICT_PROTOTYPES = YES;
				CLANG_WARN_SUSPICIOUS_MOVE = YES;
				CLANG_WARN_UNGUARDED_AVAILABILITY = YES_AGGRESSIVE;
				CLANG_WARN_UNREACHABLE_CODE = YES;
				CLANG_WARN__DUPLICATE_METHOD_MATCH = YES;
				COPY_PHASE_STRIP = NO;
				DEBUG_INFORMATION_FORMAT = "dwarf-with-dsym";
				ENABLE_NS_ASSERTIONS = NO;
				ENABLE_STRICT_OBJC_MSGSEND = YES;
				GCC_C_LANGUAGE_STANDARD = gnu11;
				GCC_NO_COMMON_BLOCKS = YES;
				GCC_WARN_64_TO_32_BIT_CONVERSION = YES;
				GCC_WARN_ABOUT_RETURN_TYPE = YES_ERROR;
				GCC_WARN_UNDECLARED_SELECTOR = YES;
				GCC_WARN_UNINITIALIZED_AUTOS = YES_AGGRESSIVE;
				GCC_WARN_UNUSED_FUNCTION = YES;
				GCC_WARN_UNUSED_VARIABLE = YES;
				IPHONEOS_DEPLOYMENT_TARGET = 15.4;
				MTL_ENABLE_DEBUG_INFO = NO;
				MTL_FAST_MATH = YES;
				SDKROOT = iphoneos;
				SWIFT_COMPILATION_MODE = wholemodule;
				SWIFT_OPTIMIZATION_LEVEL = "-O";
				VALIDATE_PRODUCT = YES;
			};
			name = Release;
		};
		1CD6959F28CFBDA7007AE077 /* Debug */ = {
			isa = XCBuildConfiguration;
			baseConfigurationReference = 0530E47261D69862E678A972 /* Pods-CoinGecko.debug.xcconfig */;
			buildSettings = {
				ASSETCATALOG_COMPILER_APPICON_NAME = AppIcon;
				ASSETCATALOG_COMPILER_GLOBAL_ACCENT_COLOR_NAME = AccentColor;
				CODE_SIGN_STYLE = Automatic;
				CURRENT_PROJECT_VERSION = 1;
				DEVELOPMENT_TEAM = FYCQ8AVG67;
				GENERATE_INFOPLIST_FILE = YES;
				INFOPLIST_FILE = CoinGecko/Resources/Info.plist;
				INFOPLIST_KEY_UIApplicationSupportsIndirectInputEvents = YES;
				INFOPLIST_KEY_UILaunchStoryboardName = LaunchScreen;
				INFOPLIST_KEY_UISupportedInterfaceOrientations_iPad = "UIInterfaceOrientationPortrait UIInterfaceOrientationPortraitUpsideDown UIInterfaceOrientationLandscapeLeft UIInterfaceOrientationLandscapeRight";
				INFOPLIST_KEY_UISupportedInterfaceOrientations_iPhone = "UIInterfaceOrientationPortrait UIInterfaceOrientationLandscapeLeft UIInterfaceOrientationLandscapeRight";
				LD_RUNPATH_SEARCH_PATHS = (
					"$(inherited)",
					"@executable_path/Frameworks",
				);
				MARKETING_VERSION = 1.0;
				PRODUCT_BUNDLE_IDENTIFIER = com.bsuir.coingecko;
				PRODUCT_NAME = "$(TARGET_NAME)";
				SWIFT_EMIT_LOC_STRINGS = YES;
				SWIFT_VERSION = 5.0;
				TARGETED_DEVICE_FAMILY = "1,2";
			};
			name = Debug;
		};
		1CD695A028CFBDA7007AE077 /* Release */ = {
			isa = XCBuildConfiguration;
			baseConfigurationReference = 49077AF327030523977F7860 /* Pods-CoinGecko.release.xcconfig */;
			buildSettings = {
				ASSETCATALOG_COMPILER_APPICON_NAME = AppIcon;
				ASSETCATALOG_COMPILER_GLOBAL_ACCENT_COLOR_NAME = AccentColor;
				CODE_SIGN_STYLE = Automatic;
				CURRENT_PROJECT_VERSION = 1;
				DEVELOPMENT_TEAM = FYCQ8AVG67;
				GENERATE_INFOPLIST_FILE = YES;
				INFOPLIST_FILE = CoinGecko/Resources/Info.plist;
				INFOPLIST_KEY_UIApplicationSupportsIndirectInputEvents = YES;
				INFOPLIST_KEY_UILaunchStoryboardName = LaunchScreen;
				INFOPLIST_KEY_UISupportedInterfaceOrientations_iPad = "UIInterfaceOrientationPortrait UIInterfaceOrientationPortraitUpsideDown UIInterfaceOrientationLandscapeLeft UIInterfaceOrientationLandscapeRight";
				INFOPLIST_KEY_UISupportedInterfaceOrientations_iPhone = "UIInterfaceOrientationPortrait UIInterfaceOrientationLandscapeLeft UIInterfaceOrientationLandscapeRight";
				LD_RUNPATH_SEARCH_PATHS = (
					"$(inherited)",
					"@executable_path/Frameworks",
				);
				MARKETING_VERSION = 1.0;
				PRODUCT_BUNDLE_IDENTIFIER = com.bsuir.coingecko;
				PRODUCT_NAME = "$(TARGET_NAME)";
				SWIFT_EMIT_LOC_STRINGS = YES;
				SWIFT_VERSION = 5.0;
				TARGETED_DEVICE_FAMILY = "1,2";
			};
			name = Release;
		};
/* End XCBuildConfiguration section */

/* Begin XCConfigurationList section */
		1CD6958528CFBDA5007AE077 /* Build configuration list for PBXProject "CoinGecko" */ = {
			isa = XCConfigurationList;
			buildConfigurations = (
				1CD6959C28CFBDA7007AE077 /* Debug */,
				1CD6959D28CFBDA7007AE077 /* Release */,
			);
			defaultConfigurationIsVisible = 0;
			defaultConfigurationName = Release;
		};
		1CD6959E28CFBDA7007AE077 /* Build configuration list for PBXNativeTarget "CoinGecko" */ = {
			isa = XCConfigurationList;
			buildConfigurations = (
				1CD6959F28CFBDA7007AE077 /* Debug */,
				1CD695A028CFBDA7007AE077 /* Release */,
			);
			defaultConfigurationIsVisible = 0;
			defaultConfigurationName = Release;
		};
/* End XCConfigurationList section */
	};
	rootObject = 1CD6958228CFBDA5007AE077 /* Project object */;
}
