// !$*UTF8*$!
{
	archiveVersion = 1;
	classes = {
	};
	objectVersion = 55;
	objects = {

/* Begin PBXBuildFile section */
		1CD695C528CFBFAB007AE077 /* Utils.h in Headers */ = {isa = PBXBuildFile; fileRef = 1CD695C428CFBFAB007AE077 /* Utils.h */; settings = {ATTRIBUTES = (Public, ); }; };
		1CD695CE28CFC2C3007AE077 /* UtilsClass.swift in Sources */ = {isa = PBXBuildFile; fileRef = 1CD695CD28CFC2C3007AE077 /* UtilsClass.swift */; };
		1CDCB2C728D12CCA00624AB5 /* Coordinator.swift in Sources */ = {isa = PBXBuildFile; fileRef = 1CDCB2C628D12CCA00624AB5 /* Coordinator.swift */; };
		1CDCB2C928D12D5500624AB5 /* NavigationCoordinator.swift in Sources */ = {isa = PBXBuildFile; fileRef = 1CDCB2C828D12D5500624AB5 /* NavigationCoordinator.swift */; };
		1CDCB2CB28D12D7C00624AB5 /* ContainerCoordinator.swift in Sources */ = {isa = PBXBuildFile; fileRef = 1CDCB2CA28D12D7C00624AB5 /* ContainerCoordinator.swift */; };
		1CDCB2CD28D12DD200624AB5 /* NavigationController.swift in Sources */ = {isa = PBXBuildFile; fileRef = 1CDCB2CC28D12DD200624AB5 /* NavigationController.swift */; };
		1CDCB2CF28D12DED00624AB5 /* ContainerViewController.swift in Sources */ = {isa = PBXBuildFile; fileRef = 1CDCB2CE28D12DED00624AB5 /* ContainerViewController.swift */; };
		1CDCB2D128D12E1000624AB5 /* ContainerViewControllerTransitionContext.swift in Sources */ = {isa = PBXBuildFile; fileRef = 1CDCB2D028D12E1000624AB5 /* ContainerViewControllerTransitionContext.swift */; };
		1CDCB2D328D12E7500624AB5 /* Interactor.swift in Sources */ = {isa = PBXBuildFile; fileRef = 1CDCB2D228D12E7500624AB5 /* Interactor.swift */; };
		1CDCB2D528D12EE500624AB5 /* Resolver.swift in Sources */ = {isa = PBXBuildFile; fileRef = 1CDCB2D428D12EE500624AB5 /* Resolver.swift */; };
		1CDCB2D728D12EFF00624AB5 /* TabCoordinator.swift in Sources */ = {isa = PBXBuildFile; fileRef = 1CDCB2D628D12EFF00624AB5 /* TabCoordinator.swift */; };
		1CDCB2D928D12FFE00624AB5 /* InteractiveDismissalHandler.swift in Sources */ = {isa = PBXBuildFile; fileRef = 1CDCB2D828D12FFE00624AB5 /* InteractiveDismissalHandler.swift */; };
		359F80ECF50583DEF8F804CE /* Pods_Utils.framework in Frameworks */ = {isa = PBXBuildFile; fileRef = C3898E027ABCA247BC561838 /* Pods_Utils.framework */; };
/* End PBXBuildFile section */

/* Begin PBXFileReference section */
		04E1F3DEFE54A2141D0058A8 /* Pods-Utils.debug.xcconfig */ = {isa = PBXFileReference; includeInIndex = 1; lastKnownFileType = text.xcconfig; name = "Pods-Utils.debug.xcconfig"; path = "Target Support Files/Pods-Utils/Pods-Utils.debug.xcconfig"; sourceTree = "<group>"; };
		1CD695C128CFBFAB007AE077 /* Utils.framework */ = {isa = PBXFileReference; explicitFileType = wrapper.framework; includeInIndex = 0; path = Utils.framework; sourceTree = BUILT_PRODUCTS_DIR; };
		1CD695C428CFBFAB007AE077 /* Utils.h */ = {isa = PBXFileReference; lastKnownFileType = sourcecode.c.h; path = Utils.h; sourceTree = "<group>"; };
		1CD695CD28CFC2C3007AE077 /* UtilsClass.swift */ = {isa = PBXFileReference; lastKnownFileType = sourcecode.swift; path = UtilsClass.swift; sourceTree = "<group>"; };
		1CDCB2C628D12CCA00624AB5 /* Coordinator.swift */ = {isa = PBXFileReference; lastKnownFileType = sourcecode.swift; path = Coordinator.swift; sourceTree = "<group>"; };
		1CDCB2C828D12D5500624AB5 /* NavigationCoordinator.swift */ = {isa = PBXFileReference; lastKnownFileType = sourcecode.swift; path = NavigationCoordinator.swift; sourceTree = "<group>"; };
		1CDCB2CA28D12D7C00624AB5 /* ContainerCoordinator.swift */ = {isa = PBXFileReference; lastKnownFileType = sourcecode.swift; path = ContainerCoordinator.swift; sourceTree = "<group>"; };
		1CDCB2CC28D12DD200624AB5 /* NavigationController.swift */ = {isa = PBXFileReference; lastKnownFileType = sourcecode.swift; path = NavigationController.swift; sourceTree = "<group>"; };
		1CDCB2CE28D12DED00624AB5 /* ContainerViewController.swift */ = {isa = PBXFileReference; lastKnownFileType = sourcecode.swift; path = ContainerViewController.swift; sourceTree = "<group>"; };
		1CDCB2D028D12E1000624AB5 /* ContainerViewControllerTransitionContext.swift */ = {isa = PBXFileReference; lastKnownFileType = sourcecode.swift; path = ContainerViewControllerTransitionContext.swift; sourceTree = "<group>"; };
		1CDCB2D228D12E7500624AB5 /* Interactor.swift */ = {isa = PBXFileReference; lastKnownFileType = sourcecode.swift; path = Interactor.swift; sourceTree = "<group>"; };
		1CDCB2D428D12EE500624AB5 /* Resolver.swift */ = {isa = PBXFileReference; lastKnownFileType = sourcecode.swift; path = Resolver.swift; sourceTree = "<group>"; };
		1CDCB2D628D12EFF00624AB5 /* TabCoordinator.swift */ = {isa = PBXFileReference; lastKnownFileType = sourcecode.swift; path = TabCoordinator.swift; sourceTree = "<group>"; };
		1CDCB2D828D12FFE00624AB5 /* InteractiveDismissalHandler.swift */ = {isa = PBXFileReference; lastKnownFileType = sourcecode.swift; path = InteractiveDismissalHandler.swift; sourceTree = "<group>"; };
		C3898E027ABCA247BC561838 /* Pods_Utils.framework */ = {isa = PBXFileReference; explicitFileType = wrapper.framework; includeInIndex = 0; path = Pods_Utils.framework; sourceTree = BUILT_PRODUCTS_DIR; };
		EB297551BB29F733DCEDDEA0 /* Pods-Utils.release.xcconfig */ = {isa = PBXFileReference; includeInIndex = 1; lastKnownFileType = text.xcconfig; name = "Pods-Utils.release.xcconfig"; path = "Target Support Files/Pods-Utils/Pods-Utils.release.xcconfig"; sourceTree = "<group>"; };
/* End PBXFileReference section */

/* Begin PBXFrameworksBuildPhase section */
		1CD695BE28CFBFAB007AE077 /* Frameworks */ = {
			isa = PBXFrameworksBuildPhase;
			buildActionMask = 2147483647;
			files = (
				359F80ECF50583DEF8F804CE /* Pods_Utils.framework in Frameworks */,
			);
			runOnlyForDeploymentPostprocessing = 0;
		};
/* End PBXFrameworksBuildPhase section */

/* Begin PBXGroup section */
		1CD695B728CFBFAB007AE077 = {
			isa = PBXGroup;
			children = (
				1CD695C328CFBFAB007AE077 /* Utils */,
				1CD695C228CFBFAB007AE077 /* Products */,
				99ADB6C442B1D5ED1889CEC7 /* Pods */,
				84836B9DE7B7AB6E259842FB /* Frameworks */,
			);
			sourceTree = "<group>";
		};
		1CD695C228CFBFAB007AE077 /* Products */ = {
			isa = PBXGroup;
			children = (
				1CD695C128CFBFAB007AE077 /* Utils.framework */,
			);
			name = Products;
			sourceTree = "<group>";
		};
		1CD695C328CFBFAB007AE077 /* Utils */ = {
			isa = PBXGroup;
			children = (
				1CDCB2C428D122B200624AB5 /* Classes */,
				1CD695C428CFBFAB007AE077 /* Utils.h */,
				1CD695CD28CFC2C3007AE077 /* UtilsClass.swift */,
			);
			path = Utils;
			sourceTree = "<group>";
		};
		1CDCB2C428D122B200624AB5 /* Classes */ = {
			isa = PBXGroup;
			children = (
				1CDCB2C528D1248400624AB5 /* Coordinator */,
			);
			path = Classes;
			sourceTree = "<group>";
		};
		1CDCB2C528D1248400624AB5 /* Coordinator */ = {
			isa = PBXGroup;
			children = (
				1CDCB2C628D12CCA00624AB5 /* Coordinator.swift */,
				1CDCB2D628D12EFF00624AB5 /* TabCoordinator.swift */,
				1CDCB2C828D12D5500624AB5 /* NavigationCoordinator.swift */,
				1CDCB2CC28D12DD200624AB5 /* NavigationController.swift */,
				1CDCB2CA28D12D7C00624AB5 /* ContainerCoordinator.swift */,
				1CDCB2CE28D12DED00624AB5 /* ContainerViewController.swift */,
				1CDCB2D028D12E1000624AB5 /* ContainerViewControllerTransitionContext.swift */,
				1CDCB2D828D12FFE00624AB5 /* InteractiveDismissalHandler.swift */,
				1CDCB2D228D12E7500624AB5 /* Interactor.swift */,
				1CDCB2D428D12EE500624AB5 /* Resolver.swift */,
			);
			path = Coordinator;
			sourceTree = "<group>";
		};
		84836B9DE7B7AB6E259842FB /* Frameworks */ = {
			isa = PBXGroup;
			children = (
				C3898E027ABCA247BC561838 /* Pods_Utils.framework */,
			);
			name = Frameworks;
			sourceTree = "<group>";
		};
		99ADB6C442B1D5ED1889CEC7 /* Pods */ = {
			isa = PBXGroup;
			children = (
				04E1F3DEFE54A2141D0058A8 /* Pods-Utils.debug.xcconfig */,
				EB297551BB29F733DCEDDEA0 /* Pods-Utils.release.xcconfig */,
			);
			name = Pods;
			path = ../Pods;
			sourceTree = "<group>";
		};
/* End PBXGroup section */

/* Begin PBXHeadersBuildPhase section */
		1CD695BC28CFBFAB007AE077 /* Headers */ = {
			isa = PBXHeadersBuildPhase;
			buildActionMask = 2147483647;
			files = (
				1CD695C528CFBFAB007AE077 /* Utils.h in Headers */,
			);
			runOnlyForDeploymentPostprocessing = 0;
		};
/* End PBXHeadersBuildPhase section */

/* Begin PBXNativeTarget section */
		1CD695C028CFBFAB007AE077 /* Utils */ = {
			isa = PBXNativeTarget;
			buildConfigurationList = 1CD695C828CFBFAB007AE077 /* Build configuration list for PBXNativeTarget "Utils" */;
			buildPhases = (
				85F6B4C5F8BC9022222CC90E /* [CP] Check Pods Manifest.lock */,
				1CD695BC28CFBFAB007AE077 /* Headers */,
				1CD695BD28CFBFAB007AE077 /* Sources */,
				1CD695BE28CFBFAB007AE077 /* Frameworks */,
				1CD695BF28CFBFAB007AE077 /* Resources */,
			);
			buildRules = (
			);
			dependencies = (
			);
			name = Utils;
			productName = Utils;
			productReference = 1CD695C128CFBFAB007AE077 /* Utils.framework */;
			productType = "com.apple.product-type.framework";
		};
/* End PBXNativeTarget section */

/* Begin PBXProject section */
		1CD695B828CFBFAB007AE077 /* Project object */ = {
			isa = PBXProject;
			attributes = {
				BuildIndependentTargetsInParallel = 1;
				LastUpgradeCheck = 1330;
				TargetAttributes = {
					1CD695C028CFBFAB007AE077 = {
						CreatedOnToolsVersion = 13.3.1;
						LastSwiftMigration = 1330;
					};
				};
			};
			buildConfigurationList = 1CD695BB28CFBFAB007AE077 /* Build configuration list for PBXProject "Utils" */;
			compatibilityVersion = "Xcode 13.0";
			developmentRegion = en;
			hasScannedForEncodings = 0;
			knownRegions = (
				en,
				Base,
			);
			mainGroup = 1CD695B728CFBFAB007AE077;
			productRefGroup = 1CD695C228CFBFAB007AE077 /* Products */;
			projectDirPath = "";
			projectRoot = "";
			targets = (
				1CD695C028CFBFAB007AE077 /* Utils */,
			);
		};
/* End PBXProject section */

/* Begin PBXResourcesBuildPhase section */
		1CD695BF28CFBFAB007AE077 /* Resources */ = {
			isa = PBXResourcesBuildPhase;
			buildActionMask = 2147483647;
			files = (
			);
			runOnlyForDeploymentPostprocessing = 0;
		};
/* End PBXResourcesBuildPhase section */

/* Begin PBXShellScriptBuildPhase section */
		85F6B4C5F8BC9022222CC90E /* [CP] Check Pods Manifest.lock */ = {
			isa = PBXShellScriptBuildPhase;
			buildActionMask = 2147483647;
			files = (
			);
			inputFileListPaths = (
			);
			inputPaths = (
				"${PODS_PODFILE_DIR_PATH}/Podfile.lock",
				"${PODS_ROOT}/Manifest.lock",
			);
			name = "[CP] Check Pods Manifest.lock";
			outputFileListPaths = (
			);
			outputPaths = (
				"$(DERIVED_FILE_DIR)/Pods-Utils-checkManifestLockResult.txt",
			);
			runOnlyForDeploymentPostprocessing = 0;
			shellPath = /bin/sh;
			shellScript = "diff \"${PODS_PODFILE_DIR_PATH}/Podfile.lock\" \"${PODS_ROOT}/Manifest.lock\" > /dev/null\nif [ $? != 0 ] ; then\n    # print error to STDERR\n    echo \"error: The sandbox is not in sync with the Podfile.lock. Run 'pod install' or update your CocoaPods installation.\" >&2\n    exit 1\nfi\n# This output is used by Xcode 'outputs' to avoid re-running this script phase.\necho \"SUCCESS\" > \"${SCRIPT_OUTPUT_FILE_0}\"\n";
			showEnvVarsInLog = 0;
		};
/* End PBXShellScriptBuildPhase section */

/* Begin PBXSourcesBuildPhase section */
		1CD695BD28CFBFAB007AE077 /* Sources */ = {
			isa = PBXSourcesBuildPhase;
			buildActionMask = 2147483647;
			files = (
				1CDCB2D728D12EFF00624AB5 /* TabCoordinator.swift in Sources */,
				1CDCB2CB28D12D7C00624AB5 /* ContainerCoordinator.swift in Sources */,
				1CDCB2C728D12CCA00624AB5 /* Coordinator.swift in Sources */,
				1CDCB2CD28D12DD200624AB5 /* NavigationController.swift in Sources */,
				1CDCB2D928D12FFE00624AB5 /* InteractiveDismissalHandler.swift in Sources */,
				1CDCB2D528D12EE500624AB5 /* Resolver.swift in Sources */,
				1CDCB2C928D12D5500624AB5 /* NavigationCoordinator.swift in Sources */,
				1CDCB2CF28D12DED00624AB5 /* ContainerViewController.swift in Sources */,
				1CDCB2D128D12E1000624AB5 /* ContainerViewControllerTransitionContext.swift in Sources */,
				1CDCB2D328D12E7500624AB5 /* Interactor.swift in Sources */,
				1CD695CE28CFC2C3007AE077 /* UtilsClass.swift in Sources */,
			);
			runOnlyForDeploymentPostprocessing = 0;
		};
/* End PBXSourcesBuildPhase section */

/* Begin XCBuildConfiguration section */
		1CD695C628CFBFAB007AE077 /* Debug */ = {
			isa = XCBuildConfiguration;
			buildSettings = {
				ALWAYS_SEARCH_USER_PATHS = NO;
				CLANG_ANALYZER_NONNULL = YES;
				CLANG_ANALYZER_NUMBER_OBJECT_CONVERSION = YES_AGGRESSIVE;
				CLANG_CXX_LANGUAGE_STANDARD = "gnu++17";
				CLANG_ENABLE_MODULES = YES;
				CLANG_ENABLE_OBJC_ARC = YES;
				CLANG_ENABLE_OBJC_WEAK = YES;
				CLANG_WARN_BLOCK_CAPTURE_AUTORELEASING = YES;
				CLANG_WARN_BOOL_CONVERSION = YES;
				CLANG_WARN_COMMA = YES;
				CLANG_WARN_CONSTANT_CONVERSION = YES;
				CLANG_WARN_DEPRECATED_OBJC_IMPLEMENTATIONS = YES;
				CLANG_WARN_DIRECT_OBJC_ISA_USAGE = YES_ERROR;
				CLANG_WARN_DOCUMENTATION_COMMENTS = YES;
				CLANG_WARN_EMPTY_BODY = YES;
				CLANG_WARN_ENUM_CONVERSION = YES;
				CLANG_WARN_INFINITE_RECURSION = YES;
				CLANG_WARN_INT_CONVERSION = YES;
				CLANG_WARN_NON_LITERAL_NULL_CONVERSION = YES;
				CLANG_WARN_OBJC_IMPLICIT_RETAIN_SELF = YES;
				CLANG_WARN_OBJC_LITERAL_CONVERSION = YES;
				CLANG_WARN_OBJC_ROOT_CLASS = YES_ERROR;
				CLANG_WARN_QUOTED_INCLUDE_IN_FRAMEWORK_HEADER = YES;
				CLANG_WARN_RANGE_LOOP_ANALYSIS = YES;
				CLANG_WARN_STRICT_PROTOTYPES = YES;
				CLANG_WARN_SUSPICIOUS_MOVE = YES;
				CLANG_WARN_UNGUARDED_AVAILABILITY = YES_AGGRESSIVE;
				CLANG_WARN_UNREACHABLE_CODE = YES;
				CLANG_WARN__DUPLICATE_METHOD_MATCH = YES;
				COPY_PHASE_STRIP = NO;
				CURRENT_PROJECT_VERSION = 1;
				DEBUG_INFORMATION_FORMAT = dwarf;
				ENABLE_STRICT_OBJC_MSGSEND = YES;
				ENABLE_TESTABILITY = YES;
				GCC_C_LANGUAGE_STANDARD = gnu11;
				GCC_DYNAMIC_NO_PIC = NO;
				GCC_NO_COMMON_BLOCKS = YES;
				GCC_OPTIMIZATION_LEVEL = 0;
				GCC_PREPROCESSOR_DEFINITIONS = (
					"DEBUG=1",
					"$(inherited)",
				);
				GCC_WARN_64_TO_32_BIT_CONVERSION = YES;
				GCC_WARN_ABOUT_RETURN_TYPE = YES_ERROR;
				GCC_WARN_UNDECLARED_SELECTOR = YES;
				GCC_WARN_UNINITIALIZED_AUTOS = YES_AGGRESSIVE;
				GCC_WARN_UNUSED_FUNCTION = YES;
				GCC_WARN_UNUSED_VARIABLE = YES;
				IPHONEOS_DEPLOYMENT_TARGET = 15.4;
				MTL_ENABLE_DEBUG_INFO = INCLUDE_SOURCE;
				MTL_FAST_MATH = YES;
				ONLY_ACTIVE_ARCH = YES;
				SDKROOT = iphoneos;
				SWIFT_ACTIVE_COMPILATION_CONDITIONS = DEBUG;
				SWIFT_OPTIMIZATION_LEVEL = "-Onone";
				VERSIONING_SYSTEM = "apple-generic";
				VERSION_INFO_PREFIX = "";
			};
			name = Debug;
		};
		1CD695C728CFBFAB007AE077 /* Release */ = {
			isa = XCBuildConfiguration;
			buildSettings = {
				ALWAYS_SEARCH_USER_PATHS = NO;
				CLANG_ANALYZER_NONNULL = YES;
				CLANG_ANALYZER_NUMBER_OBJECT_CONVERSION = YES_AGGRESSIVE;
				CLANG_CXX_LANGUAGE_STANDARD = "gnu++17";
				CLANG_ENABLE_MODULES = YES;
				CLANG_ENABLE_OBJC_ARC = YES;
				CLANG_ENABLE_OBJC_WEAK = YES;
				CLANG_WARN_BLOCK_CAPTURE_AUTORELEASING = YES;
				CLANG_WARN_BOOL_CONVERSION = YES;
				CLANG_WARN_COMMA = YES;
				CLANG_WARN_CONSTANT_CONVERSION = YES;
				CLANG_WARN_DEPRECATED_OBJC_IMPLEMENTATIONS = YES;
				CLANG_WARN_DIRECT_OBJC_ISA_USAGE = YES_ERROR;
				CLANG_WARN_DOCUMENTATION_COMMENTS = YES;
				CLANG_WARN_EMPTY_BODY = YES;
				CLANG_WARN_ENUM_CONVERSION = YES;
				CLANG_WARN_INFINITE_RECURSION = YES;
				CLANG_WARN_INT_CONVERSION = YES;
				CLANG_WARN_NON_LITERAL_NULL_CONVERSION = YES;
				CLANG_WARN_OBJC_IMPLICIT_RETAIN_SELF = YES;
				CLANG_WARN_OBJC_LITERAL_CONVERSION = YES;
				CLANG_WARN_OBJC_ROOT_CLASS = YES_ERROR;
				CLANG_WARN_QUOTED_INCLUDE_IN_FRAMEWORK_HEADER = YES;
				CLANG_WARN_RANGE_LOOP_ANALYSIS = YES;
				CLANG_WARN_STRICT_PROTOTYPES = YES;
				CLANG_WARN_SUSPICIOUS_MOVE = YES;
				CLANG_WARN_UNGUARDED_AVAILABILITY = YES_AGGRESSIVE;
				CLANG_WARN_UNREACHABLE_CODE = YES;
				CLANG_WARN__DUPLICATE_METHOD_MATCH = YES;
				COPY_PHASE_STRIP = NO;
				CURRENT_PROJECT_VERSION = 1;
				DEBUG_INFORMATION_FORMAT = "dwarf-with-dsym";
				ENABLE_NS_ASSERTIONS = NO;
				ENABLE_STRICT_OBJC_MSGSEND = YES;
				GCC_C_LANGUAGE_STANDARD = gnu11;
				GCC_NO_COMMON_BLOCKS = YES;
				GCC_WARN_64_TO_32_BIT_CONVERSION = YES;
				GCC_WARN_ABOUT_RETURN_TYPE = YES_ERROR;
				GCC_WARN_UNDECLARED_SELECTOR = YES;
				GCC_WARN_UNINITIALIZED_AUTOS = YES_AGGRESSIVE;
				GCC_WARN_UNUSED_FUNCTION = YES;
				GCC_WARN_UNUSED_VARIABLE = YES;
				IPHONEOS_DEPLOYMENT_TARGET = 15.4;
				MTL_ENABLE_DEBUG_INFO = NO;
				MTL_FAST_MATH = YES;
				SDKROOT = iphoneos;
				SWIFT_COMPILATION_MODE = wholemodule;
				SWIFT_OPTIMIZATION_LEVEL = "-O";
				VALIDATE_PRODUCT = YES;
				VERSIONING_SYSTEM = "apple-generic";
				VERSION_INFO_PREFIX = "";
			};
			name = Release;
		};
		1CD695C928CFBFAB007AE077 /* Debug */ = {
			isa = XCBuildConfiguration;
			baseConfigurationReference = 04E1F3DEFE54A2141D0058A8 /* Pods-Utils.debug.xcconfig */;
			buildSettings = {
				CLANG_ENABLE_MODULES = YES;
				CODE_SIGN_STYLE = Automatic;
				CURRENT_PROJECT_VERSION = 1;
				DEFINES_MODULE = YES;
				DEVELOPMENT_TEAM = FYCQ8AVG67;
				DYLIB_COMPATIBILITY_VERSION = 1;
				DYLIB_CURRENT_VERSION = 1;
				DYLIB_INSTALL_NAME_BASE = "@rpath";
				GENERATE_INFOPLIST_FILE = YES;
				INFOPLIST_KEY_NSHumanReadableCopyright = "";
				INSTALL_PATH = "$(LOCAL_LIBRARY_DIR)/Frameworks";
				LD_RUNPATH_SEARCH_PATHS = (
					"$(inherited)",
					"@executable_path/Frameworks",
					"@loader_path/Frameworks",
				);
				MARKETING_VERSION = 1.0;
				PRODUCT_BUNDLE_IDENTIFIER = com.coingecko.Utils;
				PRODUCT_NAME = "$(TARGET_NAME:c99extidentifier)";
				SKIP_INSTALL = YES;
				SWIFT_EMIT_LOC_STRINGS = YES;
				SWIFT_OPTIMIZATION_LEVEL = "-Onone";
				SWIFT_VERSION = 5.0;
				TARGETED_DEVICE_FAMILY = "1,2";
			};
			name = Debug;
		};
		1CD695CA28CFBFAB007AE077 /* Release */ = {
			isa = XCBuildConfiguration;
			baseConfigurationReference = EB297551BB29F733DCEDDEA0 /* Pods-Utils.release.xcconfig */;
			buildSettings = {
				CLANG_ENABLE_MODULES = YES;
				CODE_SIGN_STYLE = Automatic;
				CURRENT_PROJECT_VERSION = 1;
				DEFINES_MODULE = YES;
				DEVELOPMENT_TEAM = FYCQ8AVG67;
				DYLIB_COMPATIBILITY_VERSION = 1;
				DYLIB_CURRENT_VERSION = 1;
				DYLIB_INSTALL_NAME_BASE = "@rpath";
				GENERATE_INFOPLIST_FILE = YES;
				INFOPLIST_KEY_NSHumanReadableCopyright = "";
				INSTALL_PATH = "$(LOCAL_LIBRARY_DIR)/Frameworks";
				LD_RUNPATH_SEARCH_PATHS = (
					"$(inherited)",
					"@executable_path/Frameworks",
					"@loader_path/Frameworks",
				);
				MARKETING_VERSION = 1.0;
				PRODUCT_BUNDLE_IDENTIFIER = com.coingecko.Utils;
				PRODUCT_NAME = "$(TARGET_NAME:c99extidentifier)";
				SKIP_INSTALL = YES;
				SWIFT_EMIT_LOC_STRINGS = YES;
				SWIFT_VERSION = 5.0;
				TARGETED_DEVICE_FAMILY = "1,2";
			};
			name = Release;
		};
/* End XCBuildConfiguration section */

/* Begin XCConfigurationList section */
		1CD695BB28CFBFAB007AE077 /* Build configuration list for PBXProject "Utils" */ = {
			isa = XCConfigurationList;
			buildConfigurations = (
				1CD695C628CFBFAB007AE077 /* Debug */,
				1CD695C728CFBFAB007AE077 /* Release */,
			);
			defaultConfigurationIsVisible = 0;
			defaultConfigurationName = Release;
		};
		1CD695C828CFBFAB007AE077 /* Build configuration list for PBXNativeTarget "Utils" */ = {
			isa = XCConfigurationList;
			buildConfigurations = (
				1CD695C928CFBFAB007AE077 /* Debug */,
				1CD695CA28CFBFAB007AE077 /* Release */,
			);
			defaultConfigurationIsVisible = 0;
			defaultConfigurationName = Release;
		};
/* End XCConfigurationList section */
	};
	rootObject = 1CD695B828CFBFAB007AE077 /* Project object */;
}
